// !$*UTF8*$!
{
	archiveVersion = 1;
	classes = {
	};
	objectVersion = 51;
	objects = {

/* Begin PBXBuildFile section */
		250FF246CFB6D4DA5B5A5566 /* Pods_MercadoLibre_MercadoLibreUITests.framework in Frameworks */ = {isa = PBXBuildFile; fileRef = A3D9FD130753E92B3A6CA36D /* Pods_MercadoLibre_MercadoLibreUITests.framework */; };
		30488DF4D3202C25EDD3636B /* Pods_MercadoLibre.framework in Frameworks */ = {isa = PBXBuildFile; fileRef = E056520E486355A5722A3C92 /* Pods_MercadoLibre.framework */; };
		3523B7D8C09BA61863E8C488 /* Pods_MercadoLibreTests.framework in Frameworks */ = {isa = PBXBuildFile; fileRef = A241ED28A275E7CD9A234D5E /* Pods_MercadoLibreTests.framework */; };
		84043AA82659CB1500BC9E4D /* BasePresenter.swift in Sources */ = {isa = PBXBuildFile; fileRef = 84043AA72659CB1500BC9E4D /* BasePresenter.swift */; };
		84043AAC2659CB2A00BC9E4D /* Contract.swift in Sources */ = {isa = PBXBuildFile; fileRef = 84043AAB2659CB2A00BC9E4D /* Contract.swift */; };
		84043AB02659CC7F00BC9E4D /* HomePresenter.swift in Sources */ = {isa = PBXBuildFile; fileRef = 84043AAF2659CC7F00BC9E4D /* HomePresenter.swift */; };
		84043AB42659CC9A00BC9E4D /* HomeContract.swift in Sources */ = {isa = PBXBuildFile; fileRef = 84043AB32659CC9A00BC9E4D /* HomeContract.swift */; };
		84043AE02659F82E00BC9E4D /* CategoryCoordinator.swift in Sources */ = {isa = PBXBuildFile; fileRef = 84043ADF2659F82E00BC9E4D /* CategoryCoordinator.swift */; };
		84043AE62659F83B00BC9E4D /* CategoryViewController.swift in Sources */ = {isa = PBXBuildFile; fileRef = 84043AE52659F83B00BC9E4D /* CategoryViewController.swift */; };
		84043AEA2659F84800BC9E4D /* CategoryPresenter.swift in Sources */ = {isa = PBXBuildFile; fileRef = 84043AE92659F84800BC9E4D /* CategoryPresenter.swift */; };
		84043AEE2659F85400BC9E4D /* CategoryContract.swift in Sources */ = {isa = PBXBuildFile; fileRef = 84043AED2659F85400BC9E4D /* CategoryContract.swift */; };
		84043B0E265A03AD00BC9E4D /* SearchViewController.swift in Sources */ = {isa = PBXBuildFile; fileRef = 84043B0D265A03AD00BC9E4D /* SearchViewController.swift */; };
		84429A0D265AD65B0071F49B /* ProductDetailCollectionDataSource.swift in Sources */ = {isa = PBXBuildFile; fileRef = 84429A0C265AD65B0071F49B /* ProductDetailCollectionDataSource.swift */; };
		84429A11265AD6900071F49B /* ProductDetailCollectionViewCell.swift in Sources */ = {isa = PBXBuildFile; fileRef = 84429A10265AD6900071F49B /* ProductDetailCollectionViewCell.swift */; };
		84429A15265AE1660071F49B /* ProductDetailView.swift in Sources */ = {isa = PBXBuildFile; fileRef = 84429A14265AE1660071F49B /* ProductDetailView.swift */; };
		84475E98265C78D4009E6C89 /* HomePresenterTest.swift in Sources */ = {isa = PBXBuildFile; fileRef = 84475E97265C78D4009E6C89 /* HomePresenterTest.swift */; };
		84475EA5265C7D00009E6C89 /* BaseRepositoryStub.swift in Sources */ = {isa = PBXBuildFile; fileRef = 84475EA4265C7D00009E6C89 /* BaseRepositoryStub.swift */; };
		84475EA9265C807E009E6C89 /* TestConstants.swift in Sources */ = {isa = PBXBuildFile; fileRef = 84475EA8265C807D009E6C89 /* TestConstants.swift */; };
		84475EAD265C8CB3009E6C89 /* TestError.swift in Sources */ = {isa = PBXBuildFile; fileRef = 84475EAC265C8CB3009E6C89 /* TestError.swift */; };
		84475EB3265C8E9C009E6C89 /* HomeCoordinatorSpy.swift in Sources */ = {isa = PBXBuildFile; fileRef = 84475EB2265C8E9C009E6C89 /* HomeCoordinatorSpy.swift */; };
		84475EB7265C8F64009E6C89 /* HomeViewSpy.swift in Sources */ = {isa = PBXBuildFile; fileRef = 84475EB6265C8F64009E6C89 /* HomeViewSpy.swift */; };
		84475EBD265C9BB0009E6C89 /* CategoryPresenterTest.swift in Sources */ = {isa = PBXBuildFile; fileRef = 84475EBC265C9BB0009E6C89 /* CategoryPresenterTest.swift */; };
		84475EC3265C9E8A009E6C89 /* CategoryCoordinatorSpy.swift in Sources */ = {isa = PBXBuildFile; fileRef = 84475EC2265C9E8A009E6C89 /* CategoryCoordinatorSpy.swift */; };
		84475EC7265C9F1C009E6C89 /* CategoryViewSpy.swift in Sources */ = {isa = PBXBuildFile; fileRef = 84475EC6265C9F1C009E6C89 /* CategoryViewSpy.swift */; };
		8454730026596DC4003DDF17 /* MLData.framework in Frameworks */ = {isa = PBXBuildFile; fileRef = 845472FF26596DC4003DDF17 /* MLData.framework */; };
		8454730126596DC4003DDF17 /* MLData.framework in Embed Frameworks */ = {isa = PBXBuildFile; fileRef = 845472FF26596DC4003DDF17 /* MLData.framework */; settings = {ATTRIBUTES = (CodeSignOnCopy, RemoveHeadersOnCopy, ); }; };
		8454730E26597321003DDF17 /* BaseTableViewDataSource.swift in Sources */ = {isa = PBXBuildFile; fileRef = 8454730D26597321003DDF17 /* BaseTableViewDataSource.swift */; };
		845473142659733A003DDF17 /* BaseTableViewCell.swift in Sources */ = {isa = PBXBuildFile; fileRef = 845473132659733A003DDF17 /* BaseTableViewCell.swift */; };
		84547318265975A9003DDF17 /* ProductDataSource.swift in Sources */ = {isa = PBXBuildFile; fileRef = 84547317265975A9003DDF17 /* ProductDataSource.swift */; };
		8454731C265975BD003DDF17 /* ProductCell.swift in Sources */ = {isa = PBXBuildFile; fileRef = 8454731B265975BD003DDF17 /* ProductCell.swift */; };
		8454732126597605003DDF17 /* ProductModel.swift in Sources */ = {isa = PBXBuildFile; fileRef = 8454732026597605003DDF17 /* ProductModel.swift */; };
		846F2415265A885B00A2CACA /* SearchCoordinator.swift in Sources */ = {isa = PBXBuildFile; fileRef = 846F2414265A885B00A2CACA /* SearchCoordinator.swift */; };
		846F2419265A8C8600A2CACA /* SearchPresenter.swift in Sources */ = {isa = PBXBuildFile; fileRef = 846F2418265A8C8600A2CACA /* SearchPresenter.swift */; };
		846F241D265A8C9100A2CACA /* SearchContract.swift in Sources */ = {isa = PBXBuildFile; fileRef = 846F241C265A8C9100A2CACA /* SearchContract.swift */; };
		848FDEA52659850800FBA11B /* ItemTitleLabel.swift in Sources */ = {isa = PBXBuildFile; fileRef = 848FDEA42659850800FBA11B /* ItemTitleLabel.swift */; };
		848FDEA9265985CF00FBA11B /* ItemDescriptionLabel.swift in Sources */ = {isa = PBXBuildFile; fileRef = 848FDEA8265985CF00FBA11B /* ItemDescriptionLabel.swift */; };
		848FDEAD2659887300FBA11B /* Int+extensions.swift in Sources */ = {isa = PBXBuildFile; fileRef = 848FDEAC2659887300FBA11B /* Int+extensions.swift */; };
		848FDEB12659925100FBA11B /* ItemAdviceLabel.swift in Sources */ = {isa = PBXBuildFile; fileRef = 848FDEB02659925100FBA11B /* ItemAdviceLabel.swift */; };
		848FDEB82659A77D00FBA11B /* CategotyCell.swift in Sources */ = {isa = PBXBuildFile; fileRef = 848FDEB72659A77D00FBA11B /* CategotyCell.swift */; };
		848FDEBC2659A83D00FBA11B /* CategoryModel.swift in Sources */ = {isa = PBXBuildFile; fileRef = 848FDEBB2659A83D00FBA11B /* CategoryModel.swift */; };
		848FDECE2659AA9200FBA11B /* CategoryDataSource.swift in Sources */ = {isa = PBXBuildFile; fileRef = 848FDECD2659AA9200FBA11B /* CategoryDataSource.swift */; };
		8497105526593E1E00026225 /* AppDelegate.swift in Sources */ = {isa = PBXBuildFile; fileRef = 8497105426593E1E00026225 /* AppDelegate.swift */; };
		8497105726593E1E00026225 /* SceneDelegate.swift in Sources */ = {isa = PBXBuildFile; fileRef = 8497105626593E1E00026225 /* SceneDelegate.swift */; };
		8497105926593E1E00026225 /* HomeViewController.swift in Sources */ = {isa = PBXBuildFile; fileRef = 8497105826593E1E00026225 /* HomeViewController.swift */; };
		8497105E26593E1F00026225 /* Assets.xcassets in Resources */ = {isa = PBXBuildFile; fileRef = 8497105D26593E1F00026225 /* Assets.xcassets */; };
		8497106126593E1F00026225 /* LaunchScreen.storyboard in Resources */ = {isa = PBXBuildFile; fileRef = 8497105F26593E1F00026225 /* LaunchScreen.storyboard */; };
		8497106C26593E1F00026225 /* MercadoLibreTests.swift in Sources */ = {isa = PBXBuildFile; fileRef = 8497106B26593E1F00026225 /* MercadoLibreTests.swift */; };
		8497107726593E1F00026225 /* MercadoLibreUITests.swift in Sources */ = {isa = PBXBuildFile; fileRef = 8497107626593E1F00026225 /* MercadoLibreUITests.swift */; };
		849710A42659458A00026225 /* BaseViewController.swift in Sources */ = {isa = PBXBuildFile; fileRef = 849710A32659458A00026225 /* BaseViewController.swift */; };
		849710AD265947B700026225 /* UIColor+Color.swift in Sources */ = {isa = PBXBuildFile; fileRef = 849710AC265947B700026225 /* UIColor+Color.swift */; };
		849710B6265949CE00026225 /* SearchBarML.swift in Sources */ = {isa = PBXBuildFile; fileRef = 849710B5265949CE00026225 /* SearchBarML.swift */; };
		849710BE26594AB200026225 /* UIView+Gradient.swift in Sources */ = {isa = PBXBuildFile; fileRef = 849710BD26594AB200026225 /* UIView+Gradient.swift */; };
		849710C326594D4F00026225 /* UINavigationController+Extensions.swift in Sources */ = {isa = PBXBuildFile; fileRef = 849710C226594D4F00026225 /* UINavigationController+Extensions.swift */; };
		849710CC2659500F00026225 /* Localizable.strings in Resources */ = {isa = PBXBuildFile; fileRef = 849710CE2659500F00026225 /* Localizable.strings */; };
		849710D3265950BD00026225 /* String+Extensions.swift in Sources */ = {isa = PBXBuildFile; fileRef = 849710D2265950BD00026225 /* String+Extensions.swift */; };
		849710D92659511E00026225 /* TextML.swift in Sources */ = {isa = PBXBuildFile; fileRef = 849710D82659511E00026225 /* TextML.swift */; };
		849DBB62265A9DD2005D18E3 /* ProductDeatilCoordinator.swift in Sources */ = {isa = PBXBuildFile; fileRef = 849DBB61265A9DD2005D18E3 /* ProductDeatilCoordinator.swift */; };
		849DBB68265A9DE3005D18E3 /* ProductDetailViewController.swift in Sources */ = {isa = PBXBuildFile; fileRef = 849DBB67265A9DE3005D18E3 /* ProductDetailViewController.swift */; };
		849DBB6C265A9DF3005D18E3 /* ProductDetailPresenter.swift in Sources */ = {isa = PBXBuildFile; fileRef = 849DBB6B265A9DF3005D18E3 /* ProductDetailPresenter.swift */; };
		849DBB70265A9DFF005D18E3 /* ProductDetailContract.swift in Sources */ = {isa = PBXBuildFile; fileRef = 849DBB6F265A9DFF005D18E3 /* ProductDetailContract.swift */; };
		849DBB74265AA8CD005D18E3 /* AppCoordinator.swift in Sources */ = {isa = PBXBuildFile; fileRef = 849DBB73265AA8CD005D18E3 /* AppCoordinator.swift */; };
		84A001142659C77000642A71 /* Coordinator.swift in Sources */ = {isa = PBXBuildFile; fileRef = 84A001132659C77000642A71 /* Coordinator.swift */; };
		84A001182659C79E00642A71 /* HomeCoordinator.swift in Sources */ = {isa = PBXBuildFile; fileRef = 84A001172659C79E00642A71 /* HomeCoordinator.swift */; };
		84C45DF4265B2AFF00EBCB57 /* EmptyStateView.swift in Sources */ = {isa = PBXBuildFile; fileRef = 84C45DF3265B2AFF00EBCB57 /* EmptyStateView.swift */; };
/* End PBXBuildFile section */

/* Begin PBXContainerItemProxy section */
		8497106826593E1F00026225 /* PBXContainerItemProxy */ = {
			isa = PBXContainerItemProxy;
			containerPortal = 8497104926593E1E00026225 /* Project object */;
			proxyType = 1;
			remoteGlobalIDString = 8497105026593E1E00026225;
			remoteInfo = MercadoLibre;
		};
		8497107326593E1F00026225 /* PBXContainerItemProxy */ = {
			isa = PBXContainerItemProxy;
			containerPortal = 8497104926593E1E00026225 /* Project object */;
			proxyType = 1;
			remoteGlobalIDString = 8497105026593E1E00026225;
			remoteInfo = MercadoLibre;
		};
/* End PBXContainerItemProxy section */

/* Begin PBXCopyFilesBuildPhase section */
		8454730226596DC4003DDF17 /* Embed Frameworks */ = {
			isa = PBXCopyFilesBuildPhase;
			buildActionMask = 2147483647;
			dstPath = "";
			dstSubfolderSpec = 10;
			files = (
				8454730126596DC4003DDF17 /* MLData.framework in Embed Frameworks */,
			);
			name = "Embed Frameworks";
			runOnlyForDeploymentPostprocessing = 0;
		};
/* End PBXCopyFilesBuildPhase section */

/* Begin PBXFileReference section */
		2F2881E3EF7948271775A99C /* Pods-MercadoLibre-MercadoLibreUITests.debug.xcconfig */ = {isa = PBXFileReference; includeInIndex = 1; lastKnownFileType = text.xcconfig; name = "Pods-MercadoLibre-MercadoLibreUITests.debug.xcconfig"; path = "Target Support Files/Pods-MercadoLibre-MercadoLibreUITests/Pods-MercadoLibre-MercadoLibreUITests.debug.xcconfig"; sourceTree = "<group>"; };
		76AD217FC5F096ED01AC0355 /* Pods-MercadoLibre.debug.xcconfig */ = {isa = PBXFileReference; includeInIndex = 1; lastKnownFileType = text.xcconfig; name = "Pods-MercadoLibre.debug.xcconfig"; path = "Target Support Files/Pods-MercadoLibre/Pods-MercadoLibre.debug.xcconfig"; sourceTree = "<group>"; };
		84043AA72659CB1500BC9E4D /* BasePresenter.swift */ = {isa = PBXFileReference; lastKnownFileType = sourcecode.swift; path = BasePresenter.swift; sourceTree = "<group>"; };
		84043AAB2659CB2A00BC9E4D /* Contract.swift */ = {isa = PBXFileReference; lastKnownFileType = sourcecode.swift; path = Contract.swift; sourceTree = "<group>"; };
		84043AAF2659CC7F00BC9E4D /* HomePresenter.swift */ = {isa = PBXFileReference; lastKnownFileType = sourcecode.swift; path = HomePresenter.swift; sourceTree = "<group>"; };
		84043AB32659CC9A00BC9E4D /* HomeContract.swift */ = {isa = PBXFileReference; lastKnownFileType = sourcecode.swift; path = HomeContract.swift; sourceTree = "<group>"; };
		84043ADF2659F82E00BC9E4D /* CategoryCoordinator.swift */ = {isa = PBXFileReference; lastKnownFileType = sourcecode.swift; path = CategoryCoordinator.swift; sourceTree = "<group>"; };
		84043AE52659F83B00BC9E4D /* CategoryViewController.swift */ = {isa = PBXFileReference; lastKnownFileType = sourcecode.swift; path = CategoryViewController.swift; sourceTree = "<group>"; };
		84043AE92659F84800BC9E4D /* CategoryPresenter.swift */ = {isa = PBXFileReference; lastKnownFileType = sourcecode.swift; path = CategoryPresenter.swift; sourceTree = "<group>"; };
		84043AED2659F85400BC9E4D /* CategoryContract.swift */ = {isa = PBXFileReference; lastKnownFileType = sourcecode.swift; path = CategoryContract.swift; sourceTree = "<group>"; };
		84043B0D265A03AD00BC9E4D /* SearchViewController.swift */ = {isa = PBXFileReference; lastKnownFileType = sourcecode.swift; path = SearchViewController.swift; sourceTree = "<group>"; };
		84429A0C265AD65B0071F49B /* ProductDetailCollectionDataSource.swift */ = {isa = PBXFileReference; lastKnownFileType = sourcecode.swift; path = ProductDetailCollectionDataSource.swift; sourceTree = "<group>"; };
		84429A10265AD6900071F49B /* ProductDetailCollectionViewCell.swift */ = {isa = PBXFileReference; lastKnownFileType = sourcecode.swift; path = ProductDetailCollectionViewCell.swift; sourceTree = "<group>"; };
		84429A14265AE1660071F49B /* ProductDetailView.swift */ = {isa = PBXFileReference; lastKnownFileType = sourcecode.swift; path = ProductDetailView.swift; sourceTree = "<group>"; };
		84475E97265C78D4009E6C89 /* HomePresenterTest.swift */ = {isa = PBXFileReference; lastKnownFileType = sourcecode.swift; path = HomePresenterTest.swift; sourceTree = "<group>"; };
		84475EA4265C7D00009E6C89 /* BaseRepositoryStub.swift */ = {isa = PBXFileReference; lastKnownFileType = sourcecode.swift; path = BaseRepositoryStub.swift; sourceTree = "<group>"; };
		84475EA8265C807D009E6C89 /* TestConstants.swift */ = {isa = PBXFileReference; lastKnownFileType = sourcecode.swift; path = TestConstants.swift; sourceTree = "<group>"; };
		84475EAC265C8CB3009E6C89 /* TestError.swift */ = {isa = PBXFileReference; lastKnownFileType = sourcecode.swift; path = TestError.swift; sourceTree = "<group>"; };
		84475EB2265C8E9C009E6C89 /* HomeCoordinatorSpy.swift */ = {isa = PBXFileReference; lastKnownFileType = sourcecode.swift; path = HomeCoordinatorSpy.swift; sourceTree = "<group>"; };
		84475EB6265C8F64009E6C89 /* HomeViewSpy.swift */ = {isa = PBXFileReference; lastKnownFileType = sourcecode.swift; path = HomeViewSpy.swift; sourceTree = "<group>"; };
		84475EBC265C9BB0009E6C89 /* CategoryPresenterTest.swift */ = {isa = PBXFileReference; lastKnownFileType = sourcecode.swift; path = CategoryPresenterTest.swift; sourceTree = "<group>"; };
		84475EC2265C9E8A009E6C89 /* CategoryCoordinatorSpy.swift */ = {isa = PBXFileReference; lastKnownFileType = sourcecode.swift; path = CategoryCoordinatorSpy.swift; sourceTree = "<group>"; };
		84475EC6265C9F1C009E6C89 /* CategoryViewSpy.swift */ = {isa = PBXFileReference; lastKnownFileType = sourcecode.swift; path = CategoryViewSpy.swift; sourceTree = "<group>"; };
		845472FF26596DC4003DDF17 /* MLData.framework */ = {isa = PBXFileReference; explicitFileType = wrapper.framework; path = MLData.framework; sourceTree = BUILT_PRODUCTS_DIR; };
		8454730D26597321003DDF17 /* BaseTableViewDataSource.swift */ = {isa = PBXFileReference; lastKnownFileType = sourcecode.swift; path = BaseTableViewDataSource.swift; sourceTree = "<group>"; };
		845473132659733A003DDF17 /* BaseTableViewCell.swift */ = {isa = PBXFileReference; lastKnownFileType = sourcecode.swift; path = BaseTableViewCell.swift; sourceTree = "<group>"; };
		84547317265975A9003DDF17 /* ProductDataSource.swift */ = {isa = PBXFileReference; lastKnownFileType = sourcecode.swift; path = ProductDataSource.swift; sourceTree = "<group>"; };
		8454731B265975BD003DDF17 /* ProductCell.swift */ = {isa = PBXFileReference; lastKnownFileType = sourcecode.swift; path = ProductCell.swift; sourceTree = "<group>"; };
		8454732026597605003DDF17 /* ProductModel.swift */ = {isa = PBXFileReference; lastKnownFileType = sourcecode.swift; path = ProductModel.swift; sourceTree = "<group>"; };
		846F2414265A885B00A2CACA /* SearchCoordinator.swift */ = {isa = PBXFileReference; lastKnownFileType = sourcecode.swift; path = SearchCoordinator.swift; sourceTree = "<group>"; };
		846F2418265A8C8600A2CACA /* SearchPresenter.swift */ = {isa = PBXFileReference; lastKnownFileType = sourcecode.swift; path = SearchPresenter.swift; sourceTree = "<group>"; };
		846F241C265A8C9100A2CACA /* SearchContract.swift */ = {isa = PBXFileReference; lastKnownFileType = sourcecode.swift; path = SearchContract.swift; sourceTree = "<group>"; };
		848FDEA42659850800FBA11B /* ItemTitleLabel.swift */ = {isa = PBXFileReference; lastKnownFileType = sourcecode.swift; path = ItemTitleLabel.swift; sourceTree = "<group>"; };
		848FDEA8265985CF00FBA11B /* ItemDescriptionLabel.swift */ = {isa = PBXFileReference; lastKnownFileType = sourcecode.swift; path = ItemDescriptionLabel.swift; sourceTree = "<group>"; };
		848FDEAC2659887300FBA11B /* Int+extensions.swift */ = {isa = PBXFileReference; lastKnownFileType = sourcecode.swift; path = "Int+extensions.swift"; sourceTree = "<group>"; };
		848FDEB02659925100FBA11B /* ItemAdviceLabel.swift */ = {isa = PBXFileReference; lastKnownFileType = sourcecode.swift; path = ItemAdviceLabel.swift; sourceTree = "<group>"; };
		848FDEB72659A77D00FBA11B /* CategotyCell.swift */ = {isa = PBXFileReference; lastKnownFileType = sourcecode.swift; path = CategotyCell.swift; sourceTree = "<group>"; };
		848FDEBB2659A83D00FBA11B /* CategoryModel.swift */ = {isa = PBXFileReference; lastKnownFileType = sourcecode.swift; path = CategoryModel.swift; sourceTree = "<group>"; };
		848FDECD2659AA9200FBA11B /* CategoryDataSource.swift */ = {isa = PBXFileReference; lastKnownFileType = sourcecode.swift; path = CategoryDataSource.swift; sourceTree = "<group>"; };
		8497105126593E1E00026225 /* MercadoLibre.app */ = {isa = PBXFileReference; explicitFileType = wrapper.application; includeInIndex = 0; path = MercadoLibre.app; sourceTree = BUILT_PRODUCTS_DIR; };
		8497105426593E1E00026225 /* AppDelegate.swift */ = {isa = PBXFileReference; lastKnownFileType = sourcecode.swift; path = AppDelegate.swift; sourceTree = "<group>"; };
		8497105626593E1E00026225 /* SceneDelegate.swift */ = {isa = PBXFileReference; lastKnownFileType = sourcecode.swift; path = SceneDelegate.swift; sourceTree = "<group>"; };
		8497105826593E1E00026225 /* HomeViewController.swift */ = {isa = PBXFileReference; lastKnownFileType = sourcecode.swift; path = HomeViewController.swift; sourceTree = "<group>"; };
		8497105D26593E1F00026225 /* Assets.xcassets */ = {isa = PBXFileReference; lastKnownFileType = folder.assetcatalog; path = Assets.xcassets; sourceTree = "<group>"; };
		8497106026593E1F00026225 /* Base */ = {isa = PBXFileReference; lastKnownFileType = file.storyboard; name = Base; path = Base.lproj/LaunchScreen.storyboard; sourceTree = "<group>"; };
		8497106226593E1F00026225 /* Info.plist */ = {isa = PBXFileReference; lastKnownFileType = text.plist.xml; path = Info.plist; sourceTree = "<group>"; };
		8497106726593E1F00026225 /* MercadoLibreTests.xctest */ = {isa = PBXFileReference; explicitFileType = wrapper.cfbundle; includeInIndex = 0; path = MercadoLibreTests.xctest; sourceTree = BUILT_PRODUCTS_DIR; };
		8497106B26593E1F00026225 /* MercadoLibreTests.swift */ = {isa = PBXFileReference; lastKnownFileType = sourcecode.swift; path = MercadoLibreTests.swift; sourceTree = "<group>"; };
		8497106D26593E1F00026225 /* Info.plist */ = {isa = PBXFileReference; lastKnownFileType = text.plist.xml; path = Info.plist; sourceTree = "<group>"; };
		8497107226593E1F00026225 /* MercadoLibreUITests.xctest */ = {isa = PBXFileReference; explicitFileType = wrapper.cfbundle; includeInIndex = 0; path = MercadoLibreUITests.xctest; sourceTree = BUILT_PRODUCTS_DIR; };
		8497107626593E1F00026225 /* MercadoLibreUITests.swift */ = {isa = PBXFileReference; lastKnownFileType = sourcecode.swift; path = MercadoLibreUITests.swift; sourceTree = "<group>"; };
		8497107826593E1F00026225 /* Info.plist */ = {isa = PBXFileReference; lastKnownFileType = text.plist.xml; path = Info.plist; sourceTree = "<group>"; };
		849710A32659458A00026225 /* BaseViewController.swift */ = {isa = PBXFileReference; lastKnownFileType = sourcecode.swift; path = BaseViewController.swift; sourceTree = "<group>"; };
		849710AC265947B700026225 /* UIColor+Color.swift */ = {isa = PBXFileReference; lastKnownFileType = sourcecode.swift; path = "UIColor+Color.swift"; sourceTree = "<group>"; };
		849710B5265949CE00026225 /* SearchBarML.swift */ = {isa = PBXFileReference; lastKnownFileType = sourcecode.swift; path = SearchBarML.swift; sourceTree = "<group>"; };
		849710BD26594AB200026225 /* UIView+Gradient.swift */ = {isa = PBXFileReference; lastKnownFileType = sourcecode.swift; path = "UIView+Gradient.swift"; sourceTree = "<group>"; };
		849710C226594D4F00026225 /* UINavigationController+Extensions.swift */ = {isa = PBXFileReference; lastKnownFileType = sourcecode.swift; path = "UINavigationController+Extensions.swift"; sourceTree = "<group>"; };
		849710CD2659500F00026225 /* en */ = {isa = PBXFileReference; lastKnownFileType = text.plist.strings; name = en; path = en.lproj/Localizable.strings; sourceTree = "<group>"; };
		849710D2265950BD00026225 /* String+Extensions.swift */ = {isa = PBXFileReference; lastKnownFileType = sourcecode.swift; path = "String+Extensions.swift"; sourceTree = "<group>"; };
		849710D82659511E00026225 /* TextML.swift */ = {isa = PBXFileReference; lastKnownFileType = sourcecode.swift; path = TextML.swift; sourceTree = "<group>"; };
		849DBB61265A9DD2005D18E3 /* ProductDeatilCoordinator.swift */ = {isa = PBXFileReference; lastKnownFileType = sourcecode.swift; path = ProductDeatilCoordinator.swift; sourceTree = "<group>"; };
		849DBB67265A9DE3005D18E3 /* ProductDetailViewController.swift */ = {isa = PBXFileReference; lastKnownFileType = sourcecode.swift; path = ProductDetailViewController.swift; sourceTree = "<group>"; };
		849DBB6B265A9DF3005D18E3 /* ProductDetailPresenter.swift */ = {isa = PBXFileReference; lastKnownFileType = sourcecode.swift; path = ProductDetailPresenter.swift; sourceTree = "<group>"; };
		849DBB6F265A9DFF005D18E3 /* ProductDetailContract.swift */ = {isa = PBXFileReference; lastKnownFileType = sourcecode.swift; path = ProductDetailContract.swift; sourceTree = "<group>"; };
		849DBB73265AA8CD005D18E3 /* AppCoordinator.swift */ = {isa = PBXFileReference; lastKnownFileType = sourcecode.swift; path = AppCoordinator.swift; sourceTree = "<group>"; };
		84A001132659C77000642A71 /* Coordinator.swift */ = {isa = PBXFileReference; lastKnownFileType = sourcecode.swift; path = Coordinator.swift; sourceTree = "<group>"; };
		84A001172659C79E00642A71 /* HomeCoordinator.swift */ = {isa = PBXFileReference; lastKnownFileType = sourcecode.swift; path = HomeCoordinator.swift; sourceTree = "<group>"; };
		84C45DF3265B2AFF00EBCB57 /* EmptyStateView.swift */ = {isa = PBXFileReference; lastKnownFileType = sourcecode.swift; path = EmptyStateView.swift; sourceTree = "<group>"; };
		A2290C66B4EFE1B3AE55360A /* Pods-MercadoLibreTests.release.xcconfig */ = {isa = PBXFileReference; includeInIndex = 1; lastKnownFileType = text.xcconfig; name = "Pods-MercadoLibreTests.release.xcconfig"; path = "Target Support Files/Pods-MercadoLibreTests/Pods-MercadoLibreTests.release.xcconfig"; sourceTree = "<group>"; };
		A241ED28A275E7CD9A234D5E /* Pods_MercadoLibreTests.framework */ = {isa = PBXFileReference; explicitFileType = wrapper.framework; includeInIndex = 0; path = Pods_MercadoLibreTests.framework; sourceTree = BUILT_PRODUCTS_DIR; };
		A3D9FD130753E92B3A6CA36D /* Pods_MercadoLibre_MercadoLibreUITests.framework */ = {isa = PBXFileReference; explicitFileType = wrapper.framework; includeInIndex = 0; path = Pods_MercadoLibre_MercadoLibreUITests.framework; sourceTree = BUILT_PRODUCTS_DIR; };
		A6D2F483C14031D7A394BD7F /* Pods-MercadoLibreTests.debug.xcconfig */ = {isa = PBXFileReference; includeInIndex = 1; lastKnownFileType = text.xcconfig; name = "Pods-MercadoLibreTests.debug.xcconfig"; path = "Target Support Files/Pods-MercadoLibreTests/Pods-MercadoLibreTests.debug.xcconfig"; sourceTree = "<group>"; };
		B87744CDD426CC6CC367FA74 /* Pods-MercadoLibre.release.xcconfig */ = {isa = PBXFileReference; includeInIndex = 1; lastKnownFileType = text.xcconfig; name = "Pods-MercadoLibre.release.xcconfig"; path = "Target Support Files/Pods-MercadoLibre/Pods-MercadoLibre.release.xcconfig"; sourceTree = "<group>"; };
		E056520E486355A5722A3C92 /* Pods_MercadoLibre.framework */ = {isa = PBXFileReference; explicitFileType = wrapper.framework; includeInIndex = 0; path = Pods_MercadoLibre.framework; sourceTree = BUILT_PRODUCTS_DIR; };
		ECF5F974D266D5A561BC8E51 /* Pods-MercadoLibre-MercadoLibreUITests.release.xcconfig */ = {isa = PBXFileReference; includeInIndex = 1; lastKnownFileType = text.xcconfig; name = "Pods-MercadoLibre-MercadoLibreUITests.release.xcconfig"; path = "Target Support Files/Pods-MercadoLibre-MercadoLibreUITests/Pods-MercadoLibre-MercadoLibreUITests.release.xcconfig"; sourceTree = "<group>"; };
/* End PBXFileReference section */

/* Begin PBXFrameworksBuildPhase section */
		8497104E26593E1E00026225 /* Frameworks */ = {
			isa = PBXFrameworksBuildPhase;
			buildActionMask = 2147483647;
			files = (
				30488DF4D3202C25EDD3636B /* Pods_MercadoLibre.framework in Frameworks */,
				8454730026596DC4003DDF17 /* MLData.framework in Frameworks */,
			);
			runOnlyForDeploymentPostprocessing = 0;
		};
		8497106426593E1F00026225 /* Frameworks */ = {
			isa = PBXFrameworksBuildPhase;
			buildActionMask = 2147483647;
			files = (
				3523B7D8C09BA61863E8C488 /* Pods_MercadoLibreTests.framework in Frameworks */,
			);
			runOnlyForDeploymentPostprocessing = 0;
		};
		8497106F26593E1F00026225 /* Frameworks */ = {
			isa = PBXFrameworksBuildPhase;
			buildActionMask = 2147483647;
			files = (
				250FF246CFB6D4DA5B5A5566 /* Pods_MercadoLibre_MercadoLibreUITests.framework in Frameworks */,
			);
			runOnlyForDeploymentPostprocessing = 0;
		};
/* End PBXFrameworksBuildPhase section */

/* Begin PBXGroup section */
		17DBCCC1ACBFE624AB5EE9C9 /* Frameworks */ = {
			isa = PBXGroup;
			children = (
				845472FF26596DC4003DDF17 /* MLData.framework */,
				E056520E486355A5722A3C92 /* Pods_MercadoLibre.framework */,
				A3D9FD130753E92B3A6CA36D /* Pods_MercadoLibre_MercadoLibreUITests.framework */,
				A241ED28A275E7CD9A234D5E /* Pods_MercadoLibreTests.framework */,
			);
			name = Frameworks;
			sourceTree = "<group>";
		};
		2040E7F36B20C9C4785A6417 /* Pods */ = {
			isa = PBXGroup;
			children = (
				76AD217FC5F096ED01AC0355 /* Pods-MercadoLibre.debug.xcconfig */,
				B87744CDD426CC6CC367FA74 /* Pods-MercadoLibre.release.xcconfig */,
				2F2881E3EF7948271775A99C /* Pods-MercadoLibre-MercadoLibreUITests.debug.xcconfig */,
				ECF5F974D266D5A561BC8E51 /* Pods-MercadoLibre-MercadoLibreUITests.release.xcconfig */,
				A6D2F483C14031D7A394BD7F /* Pods-MercadoLibreTests.debug.xcconfig */,
				A2290C66B4EFE1B3AE55360A /* Pods-MercadoLibreTests.release.xcconfig */,
			);
			path = Pods;
			sourceTree = "<group>";
		};
		84043ADE2659F81400BC9E4D /* Category */ = {
			isa = PBXGroup;
			children = (
				84043ADF2659F82E00BC9E4D /* CategoryCoordinator.swift */,
				84043AE52659F83B00BC9E4D /* CategoryViewController.swift */,
				84043AE92659F84800BC9E4D /* CategoryPresenter.swift */,
				84043AED2659F85400BC9E4D /* CategoryContract.swift */,
			);
			path = Category;
			sourceTree = "<group>";
		};
		84043AFB2659FE1000BC9E4D /* DataSource */ = {
			isa = PBXGroup;
			children = (
				84547317265975A9003DDF17 /* ProductDataSource.swift */,
				848FDECD2659AA9200FBA11B /* CategoryDataSource.swift */,
			);
			path = DataSource;
			sourceTree = "<group>";
		};
		84043AFC2659FE2600BC9E4D /* Cells */ = {
			isa = PBXGroup;
			children = (
				8454731B265975BD003DDF17 /* ProductCell.swift */,
				848FDEB72659A77D00FBA11B /* CategotyCell.swift */,
			);
			path = Cells;
			sourceTree = "<group>";
		};
		84475E96265C78C4009E6C89 /* Presenters */ = {
			isa = PBXGroup;
			children = (
				84475EBB265C9B93009E6C89 /* Category */,
				84475EBA265C9B83009E6C89 /* Home */,
			);
			path = Presenters;
			sourceTree = "<group>";
		};
		84475E9D265C7BEF009E6C89 /* Constants */ = {
			isa = PBXGroup;
			children = (
				84475EA8265C807D009E6C89 /* TestConstants.swift */,
				84475EAC265C8CB3009E6C89 /* TestError.swift */,
			);
			path = Constants;
			sourceTree = "<group>";
		};
		84475EBA265C9B83009E6C89 /* Home */ = {
			isa = PBXGroup;
			children = (
				84475E97265C78D4009E6C89 /* HomePresenterTest.swift */,
				84475EB2265C8E9C009E6C89 /* HomeCoordinatorSpy.swift */,
				84475EB6265C8F64009E6C89 /* HomeViewSpy.swift */,
			);
			path = Home;
			sourceTree = "<group>";
		};
		84475EBB265C9B93009E6C89 /* Category */ = {
			isa = PBXGroup;
			children = (
				84475EBC265C9BB0009E6C89 /* CategoryPresenterTest.swift */,
				84475EC2265C9E8A009E6C89 /* CategoryCoordinatorSpy.swift */,
				84475EC6265C9F1C009E6C89 /* CategoryViewSpy.swift */,
			);
			path = Category;
			sourceTree = "<group>";
		};
		8454730C2659730E003DDF17 /* TableView */ = {
			isa = PBXGroup;
			children = (
				8454730D26597321003DDF17 /* BaseTableViewDataSource.swift */,
				845473132659733A003DDF17 /* BaseTableViewCell.swift */,
			);
			path = TableView;
			sourceTree = "<group>";
		};
		8454731F265975F8003DDF17 /* Model */ = {
			isa = PBXGroup;
			children = (
				8454732026597605003DDF17 /* ProductModel.swift */,
				848FDEBB2659A83D00FBA11B /* CategoryModel.swift */,
			);
			path = Model;
			sourceTree = "<group>";
		};
		8454AE00265ACD0F006CC700 /* Screens */ = {
			isa = PBXGroup;
			children = (
				849DBB60265A9DBC005D18E3 /* ProductDetail */,
				846F2413265A883900A2CACA /* Search */,
				84043ADE2659F81400BC9E4D /* Category */,
				8497109626593FC400026225 /* Home */,
				84C45DF3265B2AFF00EBCB57 /* EmptyStateView.swift */,
			);
			path = Screens;
			sourceTree = "<group>";
		};
		846F2413265A883900A2CACA /* Search */ = {
			isa = PBXGroup;
			children = (
				846F2414265A885B00A2CACA /* SearchCoordinator.swift */,
				84043B0D265A03AD00BC9E4D /* SearchViewController.swift */,
				846F2418265A8C8600A2CACA /* SearchPresenter.swift */,
				846F241C265A8C9100A2CACA /* SearchContract.swift */,
			);
			path = Search;
			sourceTree = "<group>";
		};
		8497104826593E1E00026225 = {
			isa = PBXGroup;
			children = (
				8497105326593E1E00026225 /* MercadoLibre */,
				8497106A26593E1F00026225 /* MercadoLibreTests */,
				8497107526593E1F00026225 /* MercadoLibreUITests */,
				8497105226593E1E00026225 /* Products */,
				2040E7F36B20C9C4785A6417 /* Pods */,
				17DBCCC1ACBFE624AB5EE9C9 /* Frameworks */,
			);
			sourceTree = "<group>";
		};
		8497105226593E1E00026225 /* Products */ = {
			isa = PBXGroup;
			children = (
				8497105126593E1E00026225 /* MercadoLibre.app */,
				8497106726593E1F00026225 /* MercadoLibreTests.xctest */,
				8497107226593E1F00026225 /* MercadoLibreUITests.xctest */,
			);
			name = Products;
			sourceTree = "<group>";
		};
		8497105326593E1E00026225 /* MercadoLibre */ = {
			isa = PBXGroup;
			children = (
				8454AE00265ACD0F006CC700 /* Screens */,
				84043AFC2659FE2600BC9E4D /* Cells */,
				84043AFB2659FE1000BC9E4D /* DataSource */,
				8454731F265975F8003DDF17 /* Model */,
				849710D72659510900026225 /* Localizable */,
				849710B4265949BA00026225 /* ComponentViews */,
				849710AB2659479F00026225 /* Helpers */,
				849710A22659457D00026225 /* Base */,
				8497105426593E1E00026225 /* AppDelegate.swift */,
				8497105626593E1E00026225 /* SceneDelegate.swift */,
				8497105D26593E1F00026225 /* Assets.xcassets */,
				8497105F26593E1F00026225 /* LaunchScreen.storyboard */,
				8497106226593E1F00026225 /* Info.plist */,
			);
			path = MercadoLibre;
			sourceTree = "<group>";
		};
		8497106A26593E1F00026225 /* MercadoLibreTests */ = {
			isa = PBXGroup;
			children = (
				84475E9D265C7BEF009E6C89 /* Constants */,
				84475E96265C78C4009E6C89 /* Presenters */,
				8497106B26593E1F00026225 /* MercadoLibreTests.swift */,
				8497106D26593E1F00026225 /* Info.plist */,
				84475EA4265C7D00009E6C89 /* BaseRepositoryStub.swift */,
			);
			path = MercadoLibreTests;
			sourceTree = "<group>";
		};
		8497107526593E1F00026225 /* MercadoLibreUITests */ = {
			isa = PBXGroup;
			children = (
				8497107626593E1F00026225 /* MercadoLibreUITests.swift */,
				8497107826593E1F00026225 /* Info.plist */,
			);
			path = MercadoLibreUITests;
			sourceTree = "<group>";
		};
		8497109626593FC400026225 /* Home */ = {
			isa = PBXGroup;
			children = (
				84A001172659C79E00642A71 /* HomeCoordinator.swift */,
				8497105826593E1E00026225 /* HomeViewController.swift */,
				84043AAF2659CC7F00BC9E4D /* HomePresenter.swift */,
				84043AB32659CC9A00BC9E4D /* HomeContract.swift */,
			);
			path = Home;
			sourceTree = "<group>";
		};
		849710A22659457D00026225 /* Base */ = {
			isa = PBXGroup;
			children = (
				84A001122659C75F00642A71 /* Coordinator */,
				8454730C2659730E003DDF17 /* TableView */,
				849710A32659458A00026225 /* BaseViewController.swift */,
				84043AA72659CB1500BC9E4D /* BasePresenter.swift */,
				84043AAB2659CB2A00BC9E4D /* Contract.swift */,
			);
			path = Base;
			sourceTree = "<group>";
		};
		849710AB2659479F00026225 /* Helpers */ = {
			isa = PBXGroup;
			children = (
				849710BD26594AB200026225 /* UIView+Gradient.swift */,
				849710C226594D4F00026225 /* UINavigationController+Extensions.swift */,
				849710AC265947B700026225 /* UIColor+Color.swift */,
				849710D2265950BD00026225 /* String+Extensions.swift */,
				848FDEAC2659887300FBA11B /* Int+extensions.swift */,
			);
			path = Helpers;
			sourceTree = "<group>";
		};
		849710B4265949BA00026225 /* ComponentViews */ = {
			isa = PBXGroup;
			children = (
				849710B5265949CE00026225 /* SearchBarML.swift */,
				848FDEA42659850800FBA11B /* ItemTitleLabel.swift */,
				848FDEA8265985CF00FBA11B /* ItemDescriptionLabel.swift */,
				848FDEB02659925100FBA11B /* ItemAdviceLabel.swift */,
			);
			path = ComponentViews;
			sourceTree = "<group>";
		};
		849710D72659510900026225 /* Localizable */ = {
			isa = PBXGroup;
			children = (
				849710CE2659500F00026225 /* Localizable.strings */,
				849710D82659511E00026225 /* TextML.swift */,
			);
			path = Localizable;
			sourceTree = "<group>";
		};
		849DBB60265A9DBC005D18E3 /* ProductDetail */ = {
			isa = PBXGroup;
			children = (
				849DBB61265A9DD2005D18E3 /* ProductDeatilCoordinator.swift */,
				849DBB67265A9DE3005D18E3 /* ProductDetailViewController.swift */,
				849DBB6B265A9DF3005D18E3 /* ProductDetailPresenter.swift */,
				849DBB6F265A9DFF005D18E3 /* ProductDetailContract.swift */,
				84429A0C265AD65B0071F49B /* ProductDetailCollectionDataSource.swift */,
				84429A10265AD6900071F49B /* ProductDetailCollectionViewCell.swift */,
				84429A14265AE1660071F49B /* ProductDetailView.swift */,
			);
			path = ProductDetail;
			sourceTree = "<group>";
		};
		84A001122659C75F00642A71 /* Coordinator */ = {
			isa = PBXGroup;
			children = (
				84A001132659C77000642A71 /* Coordinator.swift */,
				849DBB73265AA8CD005D18E3 /* AppCoordinator.swift */,
			);
			path = Coordinator;
			sourceTree = "<group>";
		};
/* End PBXGroup section */

/* Begin PBXNativeTarget section */
		8497105026593E1E00026225 /* MercadoLibre */ = {
			isa = PBXNativeTarget;
			buildConfigurationList = 8497107B26593E1F00026225 /* Build configuration list for PBXNativeTarget "MercadoLibre" */;
			buildPhases = (
				6AC8AEAF1350AA7EB85042A6 /* [CP] Check Pods Manifest.lock */,
				8497104D26593E1E00026225 /* Sources */,
				8497104E26593E1E00026225 /* Frameworks */,
				8497104F26593E1E00026225 /* Resources */,
				8454730226596DC4003DDF17 /* Embed Frameworks */,
				C288007C09C6E8B168F3D730 /* [CP] Embed Pods Frameworks */,
			);
			buildRules = (
			);
			dependencies = (
			);
			name = MercadoLibre;
			productName = MercadoLibre;
			productReference = 8497105126593E1E00026225 /* MercadoLibre.app */;
			productType = "com.apple.product-type.application";
		};
		8497106626593E1F00026225 /* MercadoLibreTests */ = {
			isa = PBXNativeTarget;
			buildConfigurationList = 8497107E26593E1F00026225 /* Build configuration list for PBXNativeTarget "MercadoLibreTests" */;
			buildPhases = (
				CB75102881FAD5F9B99012BF /* [CP] Check Pods Manifest.lock */,
				8497106326593E1F00026225 /* Sources */,
				8497106426593E1F00026225 /* Frameworks */,
				8497106526593E1F00026225 /* Resources */,
			);
			buildRules = (
			);
			dependencies = (
				8497106926593E1F00026225 /* PBXTargetDependency */,
			);
			name = MercadoLibreTests;
			productName = MercadoLibreTests;
			productReference = 8497106726593E1F00026225 /* MercadoLibreTests.xctest */;
			productType = "com.apple.product-type.bundle.unit-test";
		};
		8497107126593E1F00026225 /* MercadoLibreUITests */ = {
			isa = PBXNativeTarget;
			buildConfigurationList = 8497108126593E1F00026225 /* Build configuration list for PBXNativeTarget "MercadoLibreUITests" */;
			buildPhases = (
				B6BF34F3C5E7685AA601F18A /* [CP] Check Pods Manifest.lock */,
				8497106E26593E1F00026225 /* Sources */,
				8497106F26593E1F00026225 /* Frameworks */,
				8497107026593E1F00026225 /* Resources */,
				6E9AE862495362962F0657F9 /* [CP] Embed Pods Frameworks */,
			);
			buildRules = (
			);
			dependencies = (
				8497107426593E1F00026225 /* PBXTargetDependency */,
			);
			name = MercadoLibreUITests;
			productName = MercadoLibreUITests;
			productReference = 8497107226593E1F00026225 /* MercadoLibreUITests.xctest */;
			productType = "com.apple.product-type.bundle.ui-testing";
		};
/* End PBXNativeTarget section */

/* Begin PBXProject section */
		8497104926593E1E00026225 /* Project object */ = {
			isa = PBXProject;
			attributes = {
				LastSwiftUpdateCheck = 1240;
				LastUpgradeCheck = 1240;
				TargetAttributes = {
					8497105026593E1E00026225 = {
						CreatedOnToolsVersion = 12.4;
					};
					8497106626593E1F00026225 = {
						CreatedOnToolsVersion = 12.4;
						TestTargetID = 8497105026593E1E00026225;
					};
					8497107126593E1F00026225 = {
						CreatedOnToolsVersion = 12.4;
						TestTargetID = 8497105026593E1E00026225;
					};
				};
			};
			buildConfigurationList = 8497104C26593E1E00026225 /* Build configuration list for PBXProject "MercadoLibre" */;
			compatibilityVersion = "Xcode 9.3";
			developmentRegion = en;
			hasScannedForEncodings = 0;
			knownRegions = (
				en,
				Base,
			);
			mainGroup = 8497104826593E1E00026225;
			productRefGroup = 8497105226593E1E00026225 /* Products */;
			projectDirPath = "";
			projectRoot = "";
			targets = (
				8497105026593E1E00026225 /* MercadoLibre */,
				8497106626593E1F00026225 /* MercadoLibreTests */,
				8497107126593E1F00026225 /* MercadoLibreUITests */,
			);
		};
/* End PBXProject section */

/* Begin PBXResourcesBuildPhase section */
		8497104F26593E1E00026225 /* Resources */ = {
			isa = PBXResourcesBuildPhase;
			buildActionMask = 2147483647;
			files = (
				8497106126593E1F00026225 /* LaunchScreen.storyboard in Resources */,
				849710CC2659500F00026225 /* Localizable.strings in Resources */,
				8497105E26593E1F00026225 /* Assets.xcassets in Resources */,
			);
			runOnlyForDeploymentPostprocessing = 0;
		};
		8497106526593E1F00026225 /* Resources */ = {
			isa = PBXResourcesBuildPhase;
			buildActionMask = 2147483647;
			files = (
			);
			runOnlyForDeploymentPostprocessing = 0;
		};
		8497107026593E1F00026225 /* Resources */ = {
			isa = PBXResourcesBuildPhase;
			buildActionMask = 2147483647;
			files = (
			);
			runOnlyForDeploymentPostprocessing = 0;
		};
/* End PBXResourcesBuildPhase section */

/* Begin PBXShellScriptBuildPhase section */
		6AC8AEAF1350AA7EB85042A6 /* [CP] Check Pods Manifest.lock */ = {
			isa = PBXShellScriptBuildPhase;
			buildActionMask = 2147483647;
			files = (
			);
			inputFileListPaths = (
			);
			inputPaths = (
				"${PODS_PODFILE_DIR_PATH}/Podfile.lock",
				"${PODS_ROOT}/Manifest.lock",
			);
			name = "[CP] Check Pods Manifest.lock";
			outputFileListPaths = (
			);
			outputPaths = (
				"$(DERIVED_FILE_DIR)/Pods-MercadoLibre-checkManifestLockResult.txt",
			);
			runOnlyForDeploymentPostprocessing = 0;
			shellPath = /bin/sh;
			shellScript = "diff \"${PODS_PODFILE_DIR_PATH}/Podfile.lock\" \"${PODS_ROOT}/Manifest.lock\" > /dev/null\nif [ $? != 0 ] ; then\n    # print error to STDERR\n    echo \"error: The sandbox is not in sync with the Podfile.lock. Run 'pod install' or update your CocoaPods installation.\" >&2\n    exit 1\nfi\n# This output is used by Xcode 'outputs' to avoid re-running this script phase.\necho \"SUCCESS\" > \"${SCRIPT_OUTPUT_FILE_0}\"\n";
			showEnvVarsInLog = 0;
		};
		6E9AE862495362962F0657F9 /* [CP] Embed Pods Frameworks */ = {
			isa = PBXShellScriptBuildPhase;
			buildActionMask = 2147483647;
			files = (
			);
			inputFileListPaths = (
				"${PODS_ROOT}/Target Support Files/Pods-MercadoLibre-MercadoLibreUITests/Pods-MercadoLibre-MercadoLibreUITests-frameworks-${CONFIGURATION}-input-files.xcfilelist",
			);
			name = "[CP] Embed Pods Frameworks";
			outputFileListPaths = (
				"${PODS_ROOT}/Target Support Files/Pods-MercadoLibre-MercadoLibreUITests/Pods-MercadoLibre-MercadoLibreUITests-frameworks-${CONFIGURATION}-output-files.xcfilelist",
			);
			runOnlyForDeploymentPostprocessing = 0;
			shellPath = /bin/sh;
			shellScript = "\"${PODS_ROOT}/Target Support Files/Pods-MercadoLibre-MercadoLibreUITests/Pods-MercadoLibre-MercadoLibreUITests-frameworks.sh\"\n";
			showEnvVarsInLog = 0;
		};
		B6BF34F3C5E7685AA601F18A /* [CP] Check Pods Manifest.lock */ = {
			isa = PBXShellScriptBuildPhase;
			buildActionMask = 2147483647;
			files = (
			);
			inputFileListPaths = (
			);
			inputPaths = (
				"${PODS_PODFILE_DIR_PATH}/Podfile.lock",
				"${PODS_ROOT}/Manifest.lock",
			);
			name = "[CP] Check Pods Manifest.lock";
			outputFileListPaths = (
			);
			outputPaths = (
				"$(DERIVED_FILE_DIR)/Pods-MercadoLibre-MercadoLibreUITests-checkManifestLockResult.txt",
			);
			runOnlyForDeploymentPostprocessing = 0;
			shellPath = /bin/sh;
			shellScript = "diff \"${PODS_PODFILE_DIR_PATH}/Podfile.lock\" \"${PODS_ROOT}/Manifest.lock\" > /dev/null\nif [ $? != 0 ] ; then\n    # print error to STDERR\n    echo \"error: The sandbox is not in sync with the Podfile.lock. Run 'pod install' or update your CocoaPods installation.\" >&2\n    exit 1\nfi\n# This output is used by Xcode 'outputs' to avoid re-running this script phase.\necho \"SUCCESS\" > \"${SCRIPT_OUTPUT_FILE_0}\"\n";
			showEnvVarsInLog = 0;
		};
		C288007C09C6E8B168F3D730 /* [CP] Embed Pods Frameworks */ = {
			isa = PBXShellScriptBuildPhase;
			buildActionMask = 2147483647;
			files = (
			);
			inputFileListPaths = (
				"${PODS_ROOT}/Target Support Files/Pods-MercadoLibre/Pods-MercadoLibre-frameworks-${CONFIGURATION}-input-files.xcfilelist",
			);
			name = "[CP] Embed Pods Frameworks";
			outputFileListPaths = (
				"${PODS_ROOT}/Target Support Files/Pods-MercadoLibre/Pods-MercadoLibre-frameworks-${CONFIGURATION}-output-files.xcfilelist",
			);
			runOnlyForDeploymentPostprocessing = 0;
			shellPath = /bin/sh;
			shellScript = "\"${PODS_ROOT}/Target Support Files/Pods-MercadoLibre/Pods-MercadoLibre-frameworks.sh\"\n";
			showEnvVarsInLog = 0;
		};
		CB75102881FAD5F9B99012BF /* [CP] Check Pods Manifest.lock */ = {
			isa = PBXShellScriptBuildPhase;
			buildActionMask = 2147483647;
			files = (
			);
			inputFileListPaths = (
			);
			inputPaths = (
				"${PODS_PODFILE_DIR_PATH}/Podfile.lock",
				"${PODS_ROOT}/Manifest.lock",
			);
			name = "[CP] Check Pods Manifest.lock";
			outputFileListPaths = (
			);
			outputPaths = (
				"$(DERIVED_FILE_DIR)/Pods-MercadoLibreTests-checkManifestLockResult.txt",
			);
			runOnlyForDeploymentPostprocessing = 0;
			shellPath = /bin/sh;
			shellScript = "diff \"${PODS_PODFILE_DIR_PATH}/Podfile.lock\" \"${PODS_ROOT}/Manifest.lock\" > /dev/null\nif [ $? != 0 ] ; then\n    # print error to STDERR\n    echo \"error: The sandbox is not in sync with the Podfile.lock. Run 'pod install' or update your CocoaPods installation.\" >&2\n    exit 1\nfi\n# This output is used by Xcode 'outputs' to avoid re-running this script phase.\necho \"SUCCESS\" > \"${SCRIPT_OUTPUT_FILE_0}\"\n";
			showEnvVarsInLog = 0;
		};
/* End PBXShellScriptBuildPhase section */

/* Begin PBXSourcesBuildPhase section */
		8497104D26593E1E00026225 /* Sources */ = {
			isa = PBXSourcesBuildPhase;
			buildActionMask = 2147483647;
			files = (
				848FDEA9265985CF00FBA11B /* ItemDescriptionLabel.swift in Sources */,
				84A001182659C79E00642A71 /* HomeCoordinator.swift in Sources */,
				849710D3265950BD00026225 /* String+Extensions.swift in Sources */,
				849710A42659458A00026225 /* BaseViewController.swift in Sources */,
				8497105926593E1E00026225 /* HomeViewController.swift in Sources */,
				849710D92659511E00026225 /* TextML.swift in Sources */,
				849710BE26594AB200026225 /* UIView+Gradient.swift in Sources */,
				846F241D265A8C9100A2CACA /* SearchContract.swift in Sources */,
				848FDECE2659AA9200FBA11B /* CategoryDataSource.swift in Sources */,
				848FDEBC2659A83D00FBA11B /* CategoryModel.swift in Sources */,
				849710AD265947B700026225 /* UIColor+Color.swift in Sources */,
				84043AE62659F83B00BC9E4D /* CategoryViewController.swift in Sources */,
				84043AEA2659F84800BC9E4D /* CategoryPresenter.swift in Sources */,
				84429A15265AE1660071F49B /* ProductDetailView.swift in Sources */,
				84043B0E265A03AD00BC9E4D /* SearchViewController.swift in Sources */,
				8497105526593E1E00026225 /* AppDelegate.swift in Sources */,
				849DBB74265AA8CD005D18E3 /* AppCoordinator.swift in Sources */,
				84043AEE2659F85400BC9E4D /* CategoryContract.swift in Sources */,
				8497105726593E1E00026225 /* SceneDelegate.swift in Sources */,
				84547318265975A9003DDF17 /* ProductDataSource.swift in Sources */,
				84429A0D265AD65B0071F49B /* ProductDetailCollectionDataSource.swift in Sources */,
				848FDEB12659925100FBA11B /* ItemAdviceLabel.swift in Sources */,
				8454732126597605003DDF17 /* ProductModel.swift in Sources */,
				848FDEAD2659887300FBA11B /* Int+extensions.swift in Sources */,
				84043AA82659CB1500BC9E4D /* BasePresenter.swift in Sources */,
				84043AAC2659CB2A00BC9E4D /* Contract.swift in Sources */,
				84043AE02659F82E00BC9E4D /* CategoryCoordinator.swift in Sources */,
				84C45DF4265B2AFF00EBCB57 /* EmptyStateView.swift in Sources */,
				849DBB70265A9DFF005D18E3 /* ProductDetailContract.swift in Sources */,
				8454730E26597321003DDF17 /* BaseTableViewDataSource.swift in Sources */,
				849DBB6C265A9DF3005D18E3 /* ProductDetailPresenter.swift in Sources */,
				849710C326594D4F00026225 /* UINavigationController+Extensions.swift in Sources */,
				84A001142659C77000642A71 /* Coordinator.swift in Sources */,
				848FDEB82659A77D00FBA11B /* CategotyCell.swift in Sources */,
				846F2419265A8C8600A2CACA /* SearchPresenter.swift in Sources */,
				845473142659733A003DDF17 /* BaseTableViewCell.swift in Sources */,
				849710B6265949CE00026225 /* SearchBarML.swift in Sources */,
				84043AB42659CC9A00BC9E4D /* HomeContract.swift in Sources */,
				84043AB02659CC7F00BC9E4D /* HomePresenter.swift in Sources */,
				84429A11265AD6900071F49B /* ProductDetailCollectionViewCell.swift in Sources */,
				8454731C265975BD003DDF17 /* ProductCell.swift in Sources */,
				846F2415265A885B00A2CACA /* SearchCoordinator.swift in Sources */,
				849DBB68265A9DE3005D18E3 /* ProductDetailViewController.swift in Sources */,
				849DBB62265A9DD2005D18E3 /* ProductDeatilCoordinator.swift in Sources */,
				848FDEA52659850800FBA11B /* ItemTitleLabel.swift in Sources */,
			);
			runOnlyForDeploymentPostprocessing = 0;
		};
		8497106326593E1F00026225 /* Sources */ = {
			isa = PBXSourcesBuildPhase;
			buildActionMask = 2147483647;
			files = (
				84475EAD265C8CB3009E6C89 /* TestError.swift in Sources */,
				84475EA5265C7D00009E6C89 /* BaseRepositoryStub.swift in Sources */,
				8497106C26593E1F00026225 /* MercadoLibreTests.swift in Sources */,
				84475EC3265C9E8A009E6C89 /* CategoryCoordinatorSpy.swift in Sources */,
				84475EA9265C807E009E6C89 /* TestConstants.swift in Sources */,
				84475EBD265C9BB0009E6C89 /* CategoryPresenterTest.swift in Sources */,
				84475EB3265C8E9C009E6C89 /* HomeCoordinatorSpy.swift in Sources */,
				84475EC7265C9F1C009E6C89 /* CategoryViewSpy.swift in Sources */,
				84475E98265C78D4009E6C89 /* HomePresenterTest.swift in Sources */,
				84475EB7265C8F64009E6C89 /* HomeViewSpy.swift in Sources */,
			);
			runOnlyForDeploymentPostprocessing = 0;
		};
		8497106E26593E1F00026225 /* Sources */ = {
			isa = PBXSourcesBuildPhase;
			buildActionMask = 2147483647;
			files = (
				8497107726593E1F00026225 /* MercadoLibreUITests.swift in Sources */,
			);
			runOnlyForDeploymentPostprocessing = 0;
		};
/* End PBXSourcesBuildPhase section */

/* Begin PBXTargetDependency section */
		8497106926593E1F00026225 /* PBXTargetDependency */ = {
			isa = PBXTargetDependency;
			target = 8497105026593E1E00026225 /* MercadoLibre */;
			targetProxy = 8497106826593E1F00026225 /* PBXContainerItemProxy */;
		};
		8497107426593E1F00026225 /* PBXTargetDependency */ = {
			isa = PBXTargetDependency;
			target = 8497105026593E1E00026225 /* MercadoLibre */;
			targetProxy = 8497107326593E1F00026225 /* PBXContainerItemProxy */;
		};
/* End PBXTargetDependency section */

/* Begin PBXVariantGroup section */
		8497105F26593E1F00026225 /* LaunchScreen.storyboard */ = {
			isa = PBXVariantGroup;
			children = (
				8497106026593E1F00026225 /* Base */,
			);
			name = LaunchScreen.storyboard;
			sourceTree = "<group>";
		};
		849710CE2659500F00026225 /* Localizable.strings */ = {
			isa = PBXVariantGroup;
			children = (
				849710CD2659500F00026225 /* en */,
			);
			name = Localizable.strings;
			sourceTree = "<group>";
		};
/* End PBXVariantGroup section */

/* Begin XCBuildConfiguration section */
		8497107926593E1F00026225 /* Debug */ = {
			isa = XCBuildConfiguration;
			buildSettings = {
				ALWAYS_SEARCH_USER_PATHS = NO;
				CLANG_ANALYZER_NONNULL = YES;
				CLANG_ANALYZER_NUMBER_OBJECT_CONVERSION = YES_AGGRESSIVE;
				CLANG_CXX_LANGUAGE_STANDARD = "gnu++14";
				CLANG_CXX_LIBRARY = "libc++";
				CLANG_ENABLE_MODULES = YES;
				CLANG_ENABLE_OBJC_ARC = YES;
				CLANG_ENABLE_OBJC_WEAK = YES;
				CLANG_WARN_BLOCK_CAPTURE_AUTORELEASING = YES;
				CLANG_WARN_BOOL_CONVERSION = YES;
				CLANG_WARN_COMMA = YES;
				CLANG_WARN_CONSTANT_CONVERSION = YES;
				CLANG_WARN_DEPRECATED_OBJC_IMPLEMENTATIONS = YES;
				CLANG_WARN_DIRECT_OBJC_ISA_USAGE = YES_ERROR;
				CLANG_WARN_DOCUMENTATION_COMMENTS = YES;
				CLANG_WARN_EMPTY_BODY = YES;
				CLANG_WARN_ENUM_CONVERSION = YES;
				CLANG_WARN_INFINITE_RECURSION = YES;
				CLANG_WARN_INT_CONVERSION = YES;
				CLANG_WARN_NON_LITERAL_NULL_CONVERSION = YES;
				CLANG_WARN_OBJC_IMPLICIT_RETAIN_SELF = YES;
				CLANG_WARN_OBJC_LITERAL_CONVERSION = YES;
				CLANG_WARN_OBJC_ROOT_CLASS = YES_ERROR;
				CLANG_WARN_QUOTED_INCLUDE_IN_FRAMEWORK_HEADER = YES;
				CLANG_WARN_RANGE_LOOP_ANALYSIS = YES;
				CLANG_WARN_STRICT_PROTOTYPES = YES;
				CLANG_WARN_SUSPICIOUS_MOVE = YES;
				CLANG_WARN_UNGUARDED_AVAILABILITY = YES_AGGRESSIVE;
				CLANG_WARN_UNREACHABLE_CODE = YES;
				CLANG_WARN__DUPLICATE_METHOD_MATCH = YES;
				COPY_PHASE_STRIP = NO;
				DEBUG_INFORMATION_FORMAT = dwarf;
				ENABLE_STRICT_OBJC_MSGSEND = YES;
				ENABLE_TESTABILITY = YES;
				GCC_C_LANGUAGE_STANDARD = gnu11;
				GCC_DYNAMIC_NO_PIC = NO;
				GCC_NO_COMMON_BLOCKS = YES;
				GCC_OPTIMIZATION_LEVEL = 0;
				GCC_PREPROCESSOR_DEFINITIONS = (
					"DEBUG=1",
					"$(inherited)",
				);
				GCC_WARN_64_TO_32_BIT_CONVERSION = YES;
				GCC_WARN_ABOUT_RETURN_TYPE = YES_ERROR;
				GCC_WARN_UNDECLARED_SELECTOR = YES;
				GCC_WARN_UNINITIALIZED_AUTOS = YES_AGGRESSIVE;
				GCC_WARN_UNUSED_FUNCTION = YES;
				GCC_WARN_UNUSED_VARIABLE = YES;
				IPHONEOS_DEPLOYMENT_TARGET = 14.4;
				MTL_ENABLE_DEBUG_INFO = INCLUDE_SOURCE;
				MTL_FAST_MATH = YES;
				ONLY_ACTIVE_ARCH = YES;
				SDKROOT = iphoneos;
				SWIFT_ACTIVE_COMPILATION_CONDITIONS = DEBUG;
				SWIFT_OPTIMIZATION_LEVEL = "-Onone";
			};
			name = Debug;
		};
		8497107A26593E1F00026225 /* Release */ = {
			isa = XCBuildConfiguration;
			buildSettings = {
				ALWAYS_SEARCH_USER_PATHS = NO;
				CLANG_ANALYZER_NONNULL = YES;
				CLANG_ANALYZER_NUMBER_OBJECT_CONVERSION = YES_AGGRESSIVE;
				CLANG_CXX_LANGUAGE_STANDARD = "gnu++14";
				CLANG_CXX_LIBRARY = "libc++";
				CLANG_ENABLE_MODULES = YES;
				CLANG_ENABLE_OBJC_ARC = YES;
				CLANG_ENABLE_OBJC_WEAK = YES;
				CLANG_WARN_BLOCK_CAPTURE_AUTORELEASING = YES;
				CLANG_WARN_BOOL_CONVERSION = YES;
				CLANG_WARN_COMMA = YES;
				CLANG_WARN_CONSTANT_CONVERSION = YES;
				CLANG_WARN_DEPRECATED_OBJC_IMPLEMENTATIONS = YES;
				CLANG_WARN_DIRECT_OBJC_ISA_USAGE = YES_ERROR;
				CLANG_WARN_DOCUMENTATION_COMMENTS = YES;
				CLANG_WARN_EMPTY_BODY = YES;
				CLANG_WARN_ENUM_CONVERSION = YES;
				CLANG_WARN_INFINITE_RECURSION = YES;
				CLANG_WARN_INT_CONVERSION = YES;
				CLANG_WARN_NON_LITERAL_NULL_CONVERSION = YES;
				CLANG_WARN_OBJC_IMPLICIT_RETAIN_SELF = YES;
				CLANG_WARN_OBJC_LITERAL_CONVERSION = YES;
				CLANG_WARN_OBJC_ROOT_CLASS = YES_ERROR;
				CLANG_WARN_QUOTED_INCLUDE_IN_FRAMEWORK_HEADER = YES;
				CLANG_WARN_RANGE_LOOP_ANALYSIS = YES;
				CLANG_WARN_STRICT_PROTOTYPES = YES;
				CLANG_WARN_SUSPICIOUS_MOVE = YES;
				CLANG_WARN_UNGUARDED_AVAILABILITY = YES_AGGRESSIVE;
				CLANG_WARN_UNREACHABLE_CODE = YES;
				CLANG_WARN__DUPLICATE_METHOD_MATCH = YES;
				COPY_PHASE_STRIP = NO;
				DEBUG_INFORMATION_FORMAT = "dwarf-with-dsym";
				ENABLE_NS_ASSERTIONS = NO;
				ENABLE_STRICT_OBJC_MSGSEND = YES;
				GCC_C_LANGUAGE_STANDARD = gnu11;
				GCC_NO_COMMON_BLOCKS = YES;
				GCC_WARN_64_TO_32_BIT_CONVERSION = YES;
				GCC_WARN_ABOUT_RETURN_TYPE = YES_ERROR;
				GCC_WARN_UNDECLARED_SELECTOR = YES;
				GCC_WARN_UNINITIALIZED_AUTOS = YES_AGGRESSIVE;
				GCC_WARN_UNUSED_FUNCTION = YES;
				GCC_WARN_UNUSED_VARIABLE = YES;
				IPHONEOS_DEPLOYMENT_TARGET = 14.4;
				MTL_ENABLE_DEBUG_INFO = NO;
				MTL_FAST_MATH = YES;
				SDKROOT = iphoneos;
				SWIFT_COMPILATION_MODE = wholemodule;
				SWIFT_OPTIMIZATION_LEVEL = "-O";
				VALIDATE_PRODUCT = YES;
			};
			name = Release;
		};
		8497107C26593E1F00026225 /* Debug */ = {
			isa = XCBuildConfiguration;
			baseConfigurationReference = 76AD217FC5F096ED01AC0355 /* Pods-MercadoLibre.debug.xcconfig */;
			buildSettings = {
				ASSETCATALOG_COMPILER_APPICON_NAME = AppIcon;
				ASSETCATALOG_COMPILER_GLOBAL_ACCENT_COLOR_NAME = AccentColor;
				CODE_SIGN_STYLE = Automatic;
				INFOPLIST_FILE = MercadoLibre/Info.plist;
				LD_RUNPATH_SEARCH_PATHS = (
					"$(inherited)",
					"@executable_path/Frameworks",
				);
				PRODUCT_BUNDLE_IDENTIFIER = com.carlos.MercadoLibre;
				PRODUCT_NAME = "$(TARGET_NAME)";
				SWIFT_VERSION = 5.0;
				TARGETED_DEVICE_FAMILY = "1,2";
			};
			name = Debug;
		};
		8497107D26593E1F00026225 /* Release */ = {
			isa = XCBuildConfiguration;
			baseConfigurationReference = B87744CDD426CC6CC367FA74 /* Pods-MercadoLibre.release.xcconfig */;
			buildSettings = {
				ASSETCATALOG_COMPILER_APPICON_NAME = AppIcon;
				ASSETCATALOG_COMPILER_GLOBAL_ACCENT_COLOR_NAME = AccentColor;
				CODE_SIGN_STYLE = Automatic;
				INFOPLIST_FILE = MercadoLibre/Info.plist;
				LD_RUNPATH_SEARCH_PATHS = (
					"$(inherited)",
					"@executable_path/Frameworks",
				);
				PRODUCT_BUNDLE_IDENTIFIER = com.carlos.MercadoLibre;
				PRODUCT_NAME = "$(TARGET_NAME)";
				SWIFT_VERSION = 5.0;
				TARGETED_DEVICE_FAMILY = "1,2";
			};
			name = Release;
		};
		8497107F26593E1F00026225 /* Debug */ = {
			isa = XCBuildConfiguration;
			baseConfigurationReference = A6D2F483C14031D7A394BD7F /* Pods-MercadoLibreTests.debug.xcconfig */;
			buildSettings = {
				ALWAYS_EMBED_SWIFT_STANDARD_LIBRARIES = YES;
				BUNDLE_LOADER = "$(TEST_HOST)";
				CODE_SIGN_STYLE = Automatic;
				INFOPLIST_FILE = MercadoLibreTests/Info.plist;
				IPHONEOS_DEPLOYMENT_TARGET = 14.4;
				LD_RUNPATH_SEARCH_PATHS = (
					"$(inherited)",
					"@executable_path/Frameworks",
					"@loader_path/Frameworks",
				);
				PRODUCT_BUNDLE_IDENTIFIER = com.carlos.MercadoLibreTests;
				PRODUCT_NAME = "$(TARGET_NAME)";
				SWIFT_VERSION = 5.0;
				TARGETED_DEVICE_FAMILY = "1,2";
				TEST_HOST = "$(BUILT_PRODUCTS_DIR)/MercadoLibre.app/MercadoLibre";
			};
			name = Debug;
		};
		8497108026593E1F00026225 /* Release */ = {
			isa = XCBuildConfiguration;
			baseConfigurationReference = A2290C66B4EFE1B3AE55360A /* Pods-MercadoLibreTests.release.xcconfig */;
			buildSettings = {
				ALWAYS_EMBED_SWIFT_STANDARD_LIBRARIES = YES;
				BUNDLE_LOADER = "$(TEST_HOST)";
				CODE_SIGN_STYLE = Automatic;
				INFOPLIST_FILE = MercadoLibreTests/Info.plist;
				IPHONEOS_DEPLOYMENT_TARGET = 14.4;
				LD_RUNPATH_SEARCH_PATHS = (
					"$(inherited)",
					"@executable_path/Frameworks",
					"@loader_path/Frameworks",
				);
				PRODUCT_BUNDLE_IDENTIFIER = com.carlos.MercadoLibreTests;
				PRODUCT_NAME = "$(TARGET_NAME)";
				SWIFT_VERSION = 5.0;
				TARGETED_DEVICE_FAMILY = "1,2";
				TEST_HOST = "$(BUILT_PRODUCTS_DIR)/MercadoLibre.app/MercadoLibre";
			};
			name = Release;
		};
		8497108226593E1F00026225 /* Debug */ = {
			isa = XCBuildConfiguration;
			baseConfigurationReference = 2F2881E3EF7948271775A99C /* Pods-MercadoLibre-MercadoLibreUITests.debug.xcconfig */;
			buildSettings = {
				ALWAYS_EMBED_SWIFT_STANDARD_LIBRARIES = YES;
				CODE_SIGN_STYLE = Automatic;
				INFOPLIST_FILE = MercadoLibreUITests/Info.plist;
				LD_RUNPATH_SEARCH_PATHS = (
					"$(inherited)",
					"@executable_path/Frameworks",
					"@loader_path/Frameworks",
				);
				PRODUCT_BUNDLE_IDENTIFIER = com.carlos.MercadoLibreUITests;
				PRODUCT_NAME = "$(TARGET_NAME)";
				SWIFT_VERSION = 5.0;
				TARGETED_DEVICE_FAMILY = "1,2";
				TEST_TARGET_NAME = MercadoLibre;
			};
			name = Debug;
		};
		8497108326593E1F00026225 /* Release */ = {
			isa = XCBuildConfiguration;
			baseConfigurationReference = ECF5F974D266D5A561BC8E51 /* Pods-MercadoLibre-MercadoLibreUITests.release.xcconfig */;
			buildSettings = {
				ALWAYS_EMBED_SWIFT_STANDARD_LIBRARIES = YES;
				CODE_SIGN_STYLE = Automatic;
				INFOPLIST_FILE = MercadoLibreUITests/Info.plist;
				LD_RUNPATH_SEARCH_PATHS = (
					"$(inherited)",
					"@executable_path/Frameworks",
					"@loader_path/Frameworks",
				);
				PRODUCT_BUNDLE_IDENTIFIER = com.carlos.MercadoLibreUITests;
				PRODUCT_NAME = "$(TARGET_NAME)";
				SWIFT_VERSION = 5.0;
				TARGETED_DEVICE_FAMILY = "1,2";
				TEST_TARGET_NAME = MercadoLibre;
			};
			name = Release;
		};
/* End XCBuildConfiguration section */

/* Begin XCConfigurationList section */
		8497104C26593E1E00026225 /* Build configuration list for PBXProject "MercadoLibre" */ = {
			isa = XCConfigurationList;
			buildConfigurations = (
				8497107926593E1F00026225 /* Debug */,
				8497107A26593E1F00026225 /* Release */,
			);
			defaultConfigurationIsVisible = 0;
			defaultConfigurationName = Release;
		};
		8497107B26593E1F00026225 /* Build configuration list for PBXNativeTarget "MercadoLibre" */ = {
			isa = XCConfigurationList;
			buildConfigurations = (
				8497107C26593E1F00026225 /* Debug */,
				8497107D26593E1F00026225 /* Release */,
			);
			defaultConfigurationIsVisible = 0;
			defaultConfigurationName = Release;
		};
		8497107E26593E1F00026225 /* Build configuration list for PBXNativeTarget "MercadoLibreTests" */ = {
			isa = XCConfigurationList;
			buildConfigurations = (
				8497107F26593E1F00026225 /* Debug */,
				8497108026593E1F00026225 /* Release */,
			);
			defaultConfigurationIsVisible = 0;
			defaultConfigurationName = Release;
		};
		8497108126593E1F00026225 /* Build configuration list for PBXNativeTarget "MercadoLibreUITests" */ = {
			isa = XCConfigurationList;
			buildConfigurations = (
				8497108226593E1F00026225 /* Debug */,
				8497108326593E1F00026225 /* Release */,
			);
			defaultConfigurationIsVisible = 0;
			defaultConfigurationName = Release;
		};
/* End XCConfigurationList section */
	};
	rootObject = 8497104926593E1E00026225 /* Project object */;
}
