// !$*UTF8*$!
{
	archiveVersion = 1;
	classes = {
	};
	objectVersion = 50;
	objects = {

/* Begin PBXBuildFile section */
		8497105526593E1E00026225 /* AppDelegate.swift in Sources */ = {isa = PBXBuildFile; fileRef = 8497105426593E1E00026225 /* AppDelegate.swift */; };
		8497105726593E1E00026225 /* SceneDelegate.swift in Sources */ = {isa = PBXBuildFile; fileRef = 8497105626593E1E00026225 /* SceneDelegate.swift */; };
		8497105926593E1E00026225 /* HomeViewController.swift in Sources */ = {isa = PBXBuildFile; fileRef = 8497105826593E1E00026225 /* HomeViewController.swift */; };
		8497105E26593E1F00026225 /* Assets.xcassets in Resources */ = {isa = PBXBuildFile; fileRef = 8497105D26593E1F00026225 /* Assets.xcassets */; };
		8497106126593E1F00026225 /* LaunchScreen.storyboard in Resources */ = {isa = PBXBuildFile; fileRef = 8497105F26593E1F00026225 /* LaunchScreen.storyboard */; };
		8497106C26593E1F00026225 /* MercadoLibreTests.swift in Sources */ = {isa = PBXBuildFile; fileRef = 8497106B26593E1F00026225 /* MercadoLibreTests.swift */; };
		8497107726593E1F00026225 /* MercadoLibreUITests.swift in Sources */ = {isa = PBXBuildFile; fileRef = 8497107626593E1F00026225 /* MercadoLibreUITests.swift */; };
		8497109826593FD800026225 /* HomeView.swift in Sources */ = {isa = PBXBuildFile; fileRef = 8497109726593FD800026225 /* HomeView.swift */; };
		849710A42659458A00026225 /* BaseViewController.swift in Sources */ = {isa = PBXBuildFile; fileRef = 849710A32659458A00026225 /* BaseViewController.swift */; };
		849710AD265947B700026225 /* UIColor+Color.swift in Sources */ = {isa = PBXBuildFile; fileRef = 849710AC265947B700026225 /* UIColor+Color.swift */; };
		849710B6265949CE00026225 /* SearchBarML.swift in Sources */ = {isa = PBXBuildFile; fileRef = 849710B5265949CE00026225 /* SearchBarML.swift */; };
		849710BE26594AB200026225 /* UIView+Gradient.swift in Sources */ = {isa = PBXBuildFile; fileRef = 849710BD26594AB200026225 /* UIView+Gradient.swift */; };
		849710C326594D4F00026225 /* UINavigationController+Extensions.swift in Sources */ = {isa = PBXBuildFile; fileRef = 849710C226594D4F00026225 /* UINavigationController+Extensions.swift */; };
/* End PBXBuildFile section */

/* Begin PBXContainerItemProxy section */
		8497106826593E1F00026225 /* PBXContainerItemProxy */ = {
			isa = PBXContainerItemProxy;
			containerPortal = 8497104926593E1E00026225 /* Project object */;
			proxyType = 1;
			remoteGlobalIDString = 8497105026593E1E00026225;
			remoteInfo = MercadoLibre;
		};
		8497107326593E1F00026225 /* PBXContainerItemProxy */ = {
			isa = PBXContainerItemProxy;
			containerPortal = 8497104926593E1E00026225 /* Project object */;
			proxyType = 1;
			remoteGlobalIDString = 8497105026593E1E00026225;
			remoteInfo = MercadoLibre;
		};
/* End PBXContainerItemProxy section */

/* Begin PBXFileReference section */
		8497105126593E1E00026225 /* MercadoLibre.app */ = {isa = PBXFileReference; explicitFileType = wrapper.application; includeInIndex = 0; path = MercadoLibre.app; sourceTree = BUILT_PRODUCTS_DIR; };
		8497105426593E1E00026225 /* AppDelegate.swift */ = {isa = PBXFileReference; lastKnownFileType = sourcecode.swift; path = AppDelegate.swift; sourceTree = "<group>"; };
		8497105626593E1E00026225 /* SceneDelegate.swift */ = {isa = PBXFileReference; lastKnownFileType = sourcecode.swift; path = SceneDelegate.swift; sourceTree = "<group>"; };
		8497105826593E1E00026225 /* HomeViewController.swift */ = {isa = PBXFileReference; lastKnownFileType = sourcecode.swift; path = HomeViewController.swift; sourceTree = "<group>"; };
		8497105D26593E1F00026225 /* Assets.xcassets */ = {isa = PBXFileReference; lastKnownFileType = folder.assetcatalog; path = Assets.xcassets; sourceTree = "<group>"; };
		8497106026593E1F00026225 /* Base */ = {isa = PBXFileReference; lastKnownFileType = file.storyboard; name = Base; path = Base.lproj/LaunchScreen.storyboard; sourceTree = "<group>"; };
		8497106226593E1F00026225 /* Info.plist */ = {isa = PBXFileReference; lastKnownFileType = text.plist.xml; path = Info.plist; sourceTree = "<group>"; };
		8497106726593E1F00026225 /* MercadoLibreTests.xctest */ = {isa = PBXFileReference; explicitFileType = wrapper.cfbundle; includeInIndex = 0; path = MercadoLibreTests.xctest; sourceTree = BUILT_PRODUCTS_DIR; };
		8497106B26593E1F00026225 /* MercadoLibreTests.swift */ = {isa = PBXFileReference; lastKnownFileType = sourcecode.swift; path = MercadoLibreTests.swift; sourceTree = "<group>"; };
		8497106D26593E1F00026225 /* Info.plist */ = {isa = PBXFileReference; lastKnownFileType = text.plist.xml; path = Info.plist; sourceTree = "<group>"; };
		8497107226593E1F00026225 /* MercadoLibreUITests.xctest */ = {isa = PBXFileReference; explicitFileType = wrapper.cfbundle; includeInIndex = 0; path = MercadoLibreUITests.xctest; sourceTree = BUILT_PRODUCTS_DIR; };
		8497107626593E1F00026225 /* MercadoLibreUITests.swift */ = {isa = PBXFileReference; lastKnownFileType = sourcecode.swift; path = MercadoLibreUITests.swift; sourceTree = "<group>"; };
		8497107826593E1F00026225 /* Info.plist */ = {isa = PBXFileReference; lastKnownFileType = text.plist.xml; path = Info.plist; sourceTree = "<group>"; };
		8497109726593FD800026225 /* HomeView.swift */ = {isa = PBXFileReference; lastKnownFileType = sourcecode.swift; path = HomeView.swift; sourceTree = "<group>"; };
		849710A32659458A00026225 /* BaseViewController.swift */ = {isa = PBXFileReference; lastKnownFileType = sourcecode.swift; path = BaseViewController.swift; sourceTree = "<group>"; };
		849710AC265947B700026225 /* UIColor+Color.swift */ = {isa = PBXFileReference; lastKnownFileType = sourcecode.swift; path = "UIColor+Color.swift"; sourceTree = "<group>"; };
		849710B5265949CE00026225 /* SearchBarML.swift */ = {isa = PBXFileReference; lastKnownFileType = sourcecode.swift; path = SearchBarML.swift; sourceTree = "<group>"; };
		849710BD26594AB200026225 /* UIView+Gradient.swift */ = {isa = PBXFileReference; lastKnownFileType = sourcecode.swift; path = "UIView+Gradient.swift"; sourceTree = "<group>"; };
		849710C226594D4F00026225 /* UINavigationController+Extensions.swift */ = {isa = PBXFileReference; lastKnownFileType = sourcecode.swift; path = "UINavigationController+Extensions.swift"; sourceTree = "<group>"; };
/* End PBXFileReference section */

/* Begin PBXFrameworksBuildPhase section */
		8497104E26593E1E00026225 /* Frameworks */ = {
			isa = PBXFrameworksBuildPhase;
			buildActionMask = 2147483647;
			files = (
			);
			runOnlyForDeploymentPostprocessing = 0;
		};
		8497106426593E1F00026225 /* Frameworks */ = {
			isa = PBXFrameworksBuildPhase;
			buildActionMask = 2147483647;
			files = (
			);
			runOnlyForDeploymentPostprocessing = 0;
		};
		8497106F26593E1F00026225 /* Frameworks */ = {
			isa = PBXFrameworksBuildPhase;
			buildActionMask = 2147483647;
			files = (
			);
			runOnlyForDeploymentPostprocessing = 0;
		};
/* End PBXFrameworksBuildPhase section */

/* Begin PBXGroup section */
		8497104826593E1E00026225 = {
			isa = PBXGroup;
			children = (
				8497105326593E1E00026225 /* MercadoLibre */,
				8497106A26593E1F00026225 /* MercadoLibreTests */,
				8497107526593E1F00026225 /* MercadoLibreUITests */,
				8497105226593E1E00026225 /* Products */,
			);
			sourceTree = "<group>";
		};
		8497105226593E1E00026225 /* Products */ = {
			isa = PBXGroup;
			children = (
				8497105126593E1E00026225 /* MercadoLibre.app */,
				8497106726593E1F00026225 /* MercadoLibreTests.xctest */,
				8497107226593E1F00026225 /* MercadoLibreUITests.xctest */,
			);
			name = Products;
			sourceTree = "<group>";
		};
		8497105326593E1E00026225 /* MercadoLibre */ = {
			isa = PBXGroup;
			children = (
				849710B4265949BA00026225 /* ComponentViews */,
				849710AB2659479F00026225 /* Helpers */,
				849710A22659457D00026225 /* Base */,
				8497109626593FC400026225 /* Home */,
				8497105426593E1E00026225 /* AppDelegate.swift */,
				8497105626593E1E00026225 /* SceneDelegate.swift */,
				8497105D26593E1F00026225 /* Assets.xcassets */,
				8497105F26593E1F00026225 /* LaunchScreen.storyboard */,
				8497106226593E1F00026225 /* Info.plist */,
			);
			path = MercadoLibre;
			sourceTree = "<group>";
		};
		8497106A26593E1F00026225 /* MercadoLibreTests */ = {
			isa = PBXGroup;
			children = (
				8497106B26593E1F00026225 /* MercadoLibreTests.swift */,
				8497106D26593E1F00026225 /* Info.plist */,
			);
			path = MercadoLibreTests;
			sourceTree = "<group>";
		};
		8497107526593E1F00026225 /* MercadoLibreUITests */ = {
			isa = PBXGroup;
			children = (
				8497107626593E1F00026225 /* MercadoLibreUITests.swift */,
				8497107826593E1F00026225 /* Info.plist */,
			);
			path = MercadoLibreUITests;
			sourceTree = "<group>";
		};
		8497109626593FC400026225 /* Home */ = {
			isa = PBXGroup;
			children = (
				8497105826593E1E00026225 /* HomeViewController.swift */,
				8497109726593FD800026225 /* HomeView.swift */,
			);
			path = Home;
			sourceTree = "<group>";
		};
		849710A22659457D00026225 /* Base */ = {
			isa = PBXGroup;
			children = (
				849710A32659458A00026225 /* BaseViewController.swift */,
			);
			path = Base;
			sourceTree = "<group>";
		};
		849710AB2659479F00026225 /* Helpers */ = {
			isa = PBXGroup;
			children = (
				849710AC265947B700026225 /* UIColor+Color.swift */,
			);
			path = Helpers;
			sourceTree = "<group>";
		};
		849710B4265949BA00026225 /* ComponentViews */ = {
			isa = PBXGroup;
			children = (
				849710B5265949CE00026225 /* SearchBarML.swift */,
				849710BD26594AB200026225 /* UIView+Gradient.swift */,
				849710C226594D4F00026225 /* UINavigationController+Extensions.swift */,
			);
			path = ComponentViews;
			sourceTree = "<group>";
		};
/* End PBXGroup section */

/* Begin PBXNativeTarget section */
		8497105026593E1E00026225 /* MercadoLibre */ = {
			isa = PBXNativeTarget;
			buildConfigurationList = 8497107B26593E1F00026225 /* Build configuration list for PBXNativeTarget "MercadoLibre" */;
			buildPhases = (
				8497104D26593E1E00026225 /* Sources */,
				8497104E26593E1E00026225 /* Frameworks */,
				8497104F26593E1E00026225 /* Resources */,
			);
			buildRules = (
			);
			dependencies = (
			);
			name = MercadoLibre;
			productName = MercadoLibre;
			productReference = 8497105126593E1E00026225 /* MercadoLibre.app */;
			productType = "com.apple.product-type.application";
		};
		8497106626593E1F00026225 /* MercadoLibreTests */ = {
			isa = PBXNativeTarget;
			buildConfigurationList = 8497107E26593E1F00026225 /* Build configuration list for PBXNativeTarget "MercadoLibreTests" */;
			buildPhases = (
				8497106326593E1F00026225 /* Sources */,
				8497106426593E1F00026225 /* Frameworks */,
				8497106526593E1F00026225 /* Resources */,
			);
			buildRules = (
			);
			dependencies = (
				8497106926593E1F00026225 /* PBXTargetDependency */,
			);
			name = MercadoLibreTests;
			productName = MercadoLibreTests;
			productReference = 8497106726593E1F00026225 /* MercadoLibreTests.xctest */;
			productType = "com.apple.product-type.bundle.unit-test";
		};
		8497107126593E1F00026225 /* MercadoLibreUITests */ = {
			isa = PBXNativeTarget;
			buildConfigurationList = 8497108126593E1F00026225 /* Build configuration list for PBXNativeTarget "MercadoLibreUITests" */;
			buildPhases = (
				8497106E26593E1F00026225 /* Sources */,
				8497106F26593E1F00026225 /* Frameworks */,
				8497107026593E1F00026225 /* Resources */,
			);
			buildRules = (
			);
			dependencies = (
				8497107426593E1F00026225 /* PBXTargetDependency */,
			);
			name = MercadoLibreUITests;
			productName = MercadoLibreUITests;
			productReference = 8497107226593E1F00026225 /* MercadoLibreUITests.xctest */;
			productType = "com.apple.product-type.bundle.ui-testing";
		};
/* End PBXNativeTarget section */

/* Begin PBXProject section */
		8497104926593E1E00026225 /* Project object */ = {
			isa = PBXProject;
			attributes = {
				LastSwiftUpdateCheck = 1240;
				LastUpgradeCheck = 1240;
				TargetAttributes = {
					8497105026593E1E00026225 = {
						CreatedOnToolsVersion = 12.4;
					};
					8497106626593E1F00026225 = {
						CreatedOnToolsVersion = 12.4;
						TestTargetID = 8497105026593E1E00026225;
					};
					8497107126593E1F00026225 = {
						CreatedOnToolsVersion = 12.4;
						TestTargetID = 8497105026593E1E00026225;
					};
				};
			};
			buildConfigurationList = 8497104C26593E1E00026225 /* Build configuration list for PBXProject "MercadoLibre" */;
			compatibilityVersion = "Xcode 9.3";
			developmentRegion = en;
			hasScannedForEncodings = 0;
			knownRegions = (
				en,
				Base,
			);
			mainGroup = 8497104826593E1E00026225;
			productRefGroup = 8497105226593E1E00026225 /* Products */;
			projectDirPath = "";
			projectRoot = "";
			targets = (
				8497105026593E1E00026225 /* MercadoLibre */,
				8497106626593E1F00026225 /* MercadoLibreTests */,
				8497107126593E1F00026225 /* MercadoLibreUITests */,
			);
		};
/* End PBXProject section */

/* Begin PBXResourcesBuildPhase section */
		8497104F26593E1E00026225 /* Resources */ = {
			isa = PBXResourcesBuildPhase;
			buildActionMask = 2147483647;
			files = (
				8497106126593E1F00026225 /* LaunchScreen.storyboard in Resources */,
				8497105E26593E1F00026225 /* Assets.xcassets in Resources */,
			);
			runOnlyForDeploymentPostprocessing = 0;
		};
		8497106526593E1F00026225 /* Resources */ = {
			isa = PBXResourcesBuildPhase;
			buildActionMask = 2147483647;
			files = (
			);
			runOnlyForDeploymentPostprocessing = 0;
		};
		8497107026593E1F00026225 /* Resources */ = {
			isa = PBXResourcesBuildPhase;
			buildActionMask = 2147483647;
			files = (
			);
			runOnlyForDeploymentPostprocessing = 0;
		};
/* End PBXResourcesBuildPhase section */

/* Begin PBXSourcesBuildPhase section */
		8497104D26593E1E00026225 /* Sources */ = {
			isa = PBXSourcesBuildPhase;
			buildActionMask = 2147483647;
			files = (
				849710A42659458A00026225 /* BaseViewController.swift in Sources */,
				8497105926593E1E00026225 /* HomeViewController.swift in Sources */,
				849710BE26594AB200026225 /* UIView+Gradient.swift in Sources */,
				8497109826593FD800026225 /* HomeView.swift in Sources */,
				849710AD265947B700026225 /* UIColor+Color.swift in Sources */,
				8497105526593E1E00026225 /* AppDelegate.swift in Sources */,
				8497105726593E1E00026225 /* SceneDelegate.swift in Sources */,
				849710C326594D4F00026225 /* UINavigationController+Extensions.swift in Sources */,
				849710B6265949CE00026225 /* SearchBarML.swift in Sources */,
			);
			runOnlyForDeploymentPostprocessing = 0;
		};
		8497106326593E1F00026225 /* Sources */ = {
			isa = PBXSourcesBuildPhase;
			buildActionMask = 2147483647;
			files = (
				8497106C26593E1F00026225 /* MercadoLibreTests.swift in Sources */,
			);
			runOnlyForDeploymentPostprocessing = 0;
		};
		8497106E26593E1F00026225 /* Sources */ = {
			isa = PBXSourcesBuildPhase;
			buildActionMask = 2147483647;
			files = (
				8497107726593E1F00026225 /* MercadoLibreUITests.swift in Sources */,
			);
			runOnlyForDeploymentPostprocessing = 0;
		};
/* End PBXSourcesBuildPhase section */

/* Begin PBXTargetDependency section */
		8497106926593E1F00026225 /* PBXTargetDependency */ = {
			isa = PBXTargetDependency;
			target = 8497105026593E1E00026225 /* MercadoLibre */;
			targetProxy = 8497106826593E1F00026225 /* PBXContainerItemProxy */;
		};
		8497107426593E1F00026225 /* PBXTargetDependency */ = {
			isa = PBXTargetDependency;
			target = 8497105026593E1E00026225 /* MercadoLibre */;
			targetProxy = 8497107326593E1F00026225 /* PBXContainerItemProxy */;
		};
/* End PBXTargetDependency section */

/* Begin PBXVariantGroup section */
		8497105F26593E1F00026225 /* LaunchScreen.storyboard */ = {
			isa = PBXVariantGroup;
			children = (
				8497106026593E1F00026225 /* Base */,
			);
			name = LaunchScreen.storyboard;
			sourceTree = "<group>";
		};
/* End PBXVariantGroup section */

/* Begin XCBuildConfiguration section */
		8497107926593E1F00026225 /* Debug */ = {
			isa = XCBuildConfiguration;
			buildSettings = {
				ALWAYS_SEARCH_USER_PATHS = NO;
				CLANG_ANALYZER_NONNULL = YES;
				CLANG_ANALYZER_NUMBER_OBJECT_CONVERSION = YES_AGGRESSIVE;
				CLANG_CXX_LANGUAGE_STANDARD = "gnu++14";
				CLANG_CXX_LIBRARY = "libc++";
				CLANG_ENABLE_MODULES = YES;
				CLANG_ENABLE_OBJC_ARC = YES;
				CLANG_ENABLE_OBJC_WEAK = YES;
				CLANG_WARN_BLOCK_CAPTURE_AUTORELEASING = YES;
				CLANG_WARN_BOOL_CONVERSION = YES;
				CLANG_WARN_COMMA = YES;
				CLANG_WARN_CONSTANT_CONVERSION = YES;
				CLANG_WARN_DEPRECATED_OBJC_IMPLEMENTATIONS = YES;
				CLANG_WARN_DIRECT_OBJC_ISA_USAGE = YES_ERROR;
				CLANG_WARN_DOCUMENTATION_COMMENTS = YES;
				CLANG_WARN_EMPTY_BODY = YES;
				CLANG_WARN_ENUM_CONVERSION = YES;
				CLANG_WARN_INFINITE_RECURSION = YES;
				CLANG_WARN_INT_CONVERSION = YES;
				CLANG_WARN_NON_LITERAL_NULL_CONVERSION = YES;
				CLANG_WARN_OBJC_IMPLICIT_RETAIN_SELF = YES;
				CLANG_WARN_OBJC_LITERAL_CONVERSION = YES;
				CLANG_WARN_OBJC_ROOT_CLASS = YES_ERROR;
				CLANG_WARN_QUOTED_INCLUDE_IN_FRAMEWORK_HEADER = YES;
				CLANG_WARN_RANGE_LOOP_ANALYSIS = YES;
				CLANG_WARN_STRICT_PROTOTYPES = YES;
				CLANG_WARN_SUSPICIOUS_MOVE = YES;
				CLANG_WARN_UNGUARDED_AVAILABILITY = YES_AGGRESSIVE;
				CLANG_WARN_UNREACHABLE_CODE = YES;
				CLANG_WARN__DUPLICATE_METHOD_MATCH = YES;
				COPY_PHASE_STRIP = NO;
				DEBUG_INFORMATION_FORMAT = dwarf;
				ENABLE_STRICT_OBJC_MSGSEND = YES;
				ENABLE_TESTABILITY = YES;
				GCC_C_LANGUAGE_STANDARD = gnu11;
				GCC_DYNAMIC_NO_PIC = NO;
				GCC_NO_COMMON_BLOCKS = YES;
				GCC_OPTIMIZATION_LEVEL = 0;
				GCC_PREPROCESSOR_DEFINITIONS = (
					"DEBUG=1",
					"$(inherited)",
				);
				GCC_WARN_64_TO_32_BIT_CONVERSION = YES;
				GCC_WARN_ABOUT_RETURN_TYPE = YES_ERROR;
				GCC_WARN_UNDECLARED_SELECTOR = YES;
				GCC_WARN_UNINITIALIZED_AUTOS = YES_AGGRESSIVE;
				GCC_WARN_UNUSED_FUNCTION = YES;
				GCC_WARN_UNUSED_VARIABLE = YES;
				IPHONEOS_DEPLOYMENT_TARGET = 14.4;
				MTL_ENABLE_DEBUG_INFO = INCLUDE_SOURCE;
				MTL_FAST_MATH = YES;
				ONLY_ACTIVE_ARCH = YES;
				SDKROOT = iphoneos;
				SWIFT_ACTIVE_COMPILATION_CONDITIONS = DEBUG;
				SWIFT_OPTIMIZATION_LEVEL = "-Onone";
			};
			name = Debug;
		};
		8497107A26593E1F00026225 /* Release */ = {
			isa = XCBuildConfiguration;
			buildSettings = {
				ALWAYS_SEARCH_USER_PATHS = NO;
				CLANG_ANALYZER_NONNULL = YES;
				CLANG_ANALYZER_NUMBER_OBJECT_CONVERSION = YES_AGGRESSIVE;
				CLANG_CXX_LANGUAGE_STANDARD = "gnu++14";
				CLANG_CXX_LIBRARY = "libc++";
				CLANG_ENABLE_MODULES = YES;
				CLANG_ENABLE_OBJC_ARC = YES;
				CLANG_ENABLE_OBJC_WEAK = YES;
				CLANG_WARN_BLOCK_CAPTURE_AUTORELEASING = YES;
				CLANG_WARN_BOOL_CONVERSION = YES;
				CLANG_WARN_COMMA = YES;
				CLANG_WARN_CONSTANT_CONVERSION = YES;
				CLANG_WARN_DEPRECATED_OBJC_IMPLEMENTATIONS = YES;
				CLANG_WARN_DIRECT_OBJC_ISA_USAGE = YES_ERROR;
				CLANG_WARN_DOCUMENTATION_COMMENTS = YES;
				CLANG_WARN_EMPTY_BODY = YES;
				CLANG_WARN_ENUM_CONVERSION = YES;
				CLANG_WARN_INFINITE_RECURSION = YES;
				CLANG_WARN_INT_CONVERSION = YES;
				CLANG_WARN_NON_LITERAL_NULL_CONVERSION = YES;
				CLANG_WARN_OBJC_IMPLICIT_RETAIN_SELF = YES;
				CLANG_WARN_OBJC_LITERAL_CONVERSION = YES;
				CLANG_WARN_OBJC_ROOT_CLASS = YES_ERROR;
				CLANG_WARN_QUOTED_INCLUDE_IN_FRAMEWORK_HEADER = YES;
				CLANG_WARN_RANGE_LOOP_ANALYSIS = YES;
				CLANG_WARN_STRICT_PROTOTYPES = YES;
				CLANG_WARN_SUSPICIOUS_MOVE = YES;
				CLANG_WARN_UNGUARDED_AVAILABILITY = YES_AGGRESSIVE;
				CLANG_WARN_UNREACHABLE_CODE = YES;
				CLANG_WARN__DUPLICATE_METHOD_MATCH = YES;
				COPY_PHASE_STRIP = NO;
				DEBUG_INFORMATION_FORMAT = "dwarf-with-dsym";
				ENABLE_NS_ASSERTIONS = NO;
				ENABLE_STRICT_OBJC_MSGSEND = YES;
				GCC_C_LANGUAGE_STANDARD = gnu11;
				GCC_NO_COMMON_BLOCKS = YES;
				GCC_WARN_64_TO_32_BIT_CONVERSION = YES;
				GCC_WARN_ABOUT_RETURN_TYPE = YES_ERROR;
				GCC_WARN_UNDECLARED_SELECTOR = YES;
				GCC_WARN_UNINITIALIZED_AUTOS = YES_AGGRESSIVE;
				GCC_WARN_UNUSED_FUNCTION = YES;
				GCC_WARN_UNUSED_VARIABLE = YES;
				IPHONEOS_DEPLOYMENT_TARGET = 14.4;
				MTL_ENABLE_DEBUG_INFO = NO;
				MTL_FAST_MATH = YES;
				SDKROOT = iphoneos;
				SWIFT_COMPILATION_MODE = wholemodule;
				SWIFT_OPTIMIZATION_LEVEL = "-O";
				VALIDATE_PRODUCT = YES;
			};
			name = Release;
		};
		8497107C26593E1F00026225 /* Debug */ = {
			isa = XCBuildConfiguration;
			buildSettings = {
				ASSETCATALOG_COMPILER_APPICON_NAME = AppIcon;
				ASSETCATALOG_COMPILER_GLOBAL_ACCENT_COLOR_NAME = AccentColor;
				CODE_SIGN_STYLE = Automatic;
				INFOPLIST_FILE = MercadoLibre/Info.plist;
				LD_RUNPATH_SEARCH_PATHS = (
					"$(inherited)",
					"@executable_path/Frameworks",
				);
				PRODUCT_BUNDLE_IDENTIFIER = com.carlos.MercadoLibre;
				PRODUCT_NAME = "$(TARGET_NAME)";
				SWIFT_VERSION = 5.0;
				TARGETED_DEVICE_FAMILY = "1,2";
			};
			name = Debug;
		};
		8497107D26593E1F00026225 /* Release */ = {
			isa = XCBuildConfiguration;
			buildSettings = {
				ASSETCATALOG_COMPILER_APPICON_NAME = AppIcon;
				ASSETCATALOG_COMPILER_GLOBAL_ACCENT_COLOR_NAME = AccentColor;
				CODE_SIGN_STYLE = Automatic;
				INFOPLIST_FILE = MercadoLibre/Info.plist;
				LD_RUNPATH_SEARCH_PATHS = (
					"$(inherited)",
					"@executable_path/Frameworks",
				);
				PRODUCT_BUNDLE_IDENTIFIER = com.carlos.MercadoLibre;
				PRODUCT_NAME = "$(TARGET_NAME)";
				SWIFT_VERSION = 5.0;
				TARGETED_DEVICE_FAMILY = "1,2";
			};
			name = Release;
		};
		8497107F26593E1F00026225 /* Debug */ = {
			isa = XCBuildConfiguration;
			buildSettings = {
				ALWAYS_EMBED_SWIFT_STANDARD_LIBRARIES = YES;
				BUNDLE_LOADER = "$(TEST_HOST)";
				CODE_SIGN_STYLE = Automatic;
				INFOPLIST_FILE = MercadoLibreTests/Info.plist;
				IPHONEOS_DEPLOYMENT_TARGET = 14.4;
				LD_RUNPATH_SEARCH_PATHS = (
					"$(inherited)",
					"@executable_path/Frameworks",
					"@loader_path/Frameworks",
				);
				PRODUCT_BUNDLE_IDENTIFIER = com.carlos.MercadoLibreTests;
				PRODUCT_NAME = "$(TARGET_NAME)";
				SWIFT_VERSION = 5.0;
				TARGETED_DEVICE_FAMILY = "1,2";
				TEST_HOST = "$(BUILT_PRODUCTS_DIR)/MercadoLibre.app/MercadoLibre";
			};
			name = Debug;
		};
		8497108026593E1F00026225 /* Release */ = {
			isa = XCBuildConfiguration;
			buildSettings = {
				ALWAYS_EMBED_SWIFT_STANDARD_LIBRARIES = YES;
				BUNDLE_LOADER = "$(TEST_HOST)";
				CODE_SIGN_STYLE = Automatic;
				INFOPLIST_FILE = MercadoLibreTests/Info.plist;
				IPHONEOS_DEPLOYMENT_TARGET = 14.4;
				LD_RUNPATH_SEARCH_PATHS = (
					"$(inherited)",
					"@executable_path/Frameworks",
					"@loader_path/Frameworks",
				);
				PRODUCT_BUNDLE_IDENTIFIER = com.carlos.MercadoLibreTests;
				PRODUCT_NAME = "$(TARGET_NAME)";
				SWIFT_VERSION = 5.0;
				TARGETED_DEVICE_FAMILY = "1,2";
				TEST_HOST = "$(BUILT_PRODUCTS_DIR)/MercadoLibre.app/MercadoLibre";
			};
			name = Release;
		};
		8497108226593E1F00026225 /* Debug */ = {
			isa = XCBuildConfiguration;
			buildSettings = {
				ALWAYS_EMBED_SWIFT_STANDARD_LIBRARIES = YES;
				CODE_SIGN_STYLE = Automatic;
				INFOPLIST_FILE = MercadoLibreUITests/Info.plist;
				LD_RUNPATH_SEARCH_PATHS = (
					"$(inherited)",
					"@executable_path/Frameworks",
					"@loader_path/Frameworks",
				);
				PRODUCT_BUNDLE_IDENTIFIER = com.carlos.MercadoLibreUITests;
				PRODUCT_NAME = "$(TARGET_NAME)";
				SWIFT_VERSION = 5.0;
				TARGETED_DEVICE_FAMILY = "1,2";
				TEST_TARGET_NAME = MercadoLibre;
			};
			name = Debug;
		};
		8497108326593E1F00026225 /* Release */ = {
			isa = XCBuildConfiguration;
			buildSettings = {
				ALWAYS_EMBED_SWIFT_STANDARD_LIBRARIES = YES;
				CODE_SIGN_STYLE = Automatic;
				INFOPLIST_FILE = MercadoLibreUITests/Info.plist;
				LD_RUNPATH_SEARCH_PATHS = (
					"$(inherited)",
					"@executable_path/Frameworks",
					"@loader_path/Frameworks",
				);
				PRODUCT_BUNDLE_IDENTIFIER = com.carlos.MercadoLibreUITests;
				PRODUCT_NAME = "$(TARGET_NAME)";
				SWIFT_VERSION = 5.0;
				TARGETED_DEVICE_FAMILY = "1,2";
				TEST_TARGET_NAME = MercadoLibre;
			};
			name = Release;
		};
/* End XCBuildConfiguration section */

/* Begin XCConfigurationList section */
		8497104C26593E1E00026225 /* Build configuration list for PBXProject "MercadoLibre" */ = {
			isa = XCConfigurationList;
			buildConfigurations = (
				8497107926593E1F00026225 /* Debug */,
				8497107A26593E1F00026225 /* Release */,
			);
			defaultConfigurationIsVisible = 0;
			defaultConfigurationName = Release;
		};
		8497107B26593E1F00026225 /* Build configuration list for PBXNativeTarget "MercadoLibre" */ = {
			isa = XCConfigurationList;
			buildConfigurations = (
				8497107C26593E1F00026225 /* Debug */,
				8497107D26593E1F00026225 /* Release */,
			);
			defaultConfigurationIsVisible = 0;
			defaultConfigurationName = Release;
		};
		8497107E26593E1F00026225 /* Build configuration list for PBXNativeTarget "MercadoLibreTests" */ = {
			isa = XCConfigurationList;
			buildConfigurations = (
				8497107F26593E1F00026225 /* Debug */,
				8497108026593E1F00026225 /* Release */,
			);
			defaultConfigurationIsVisible = 0;
			defaultConfigurationName = Release;
		};
		8497108126593E1F00026225 /* Build configuration list for PBXNativeTarget "MercadoLibreUITests" */ = {
			isa = XCConfigurationList;
			buildConfigurations = (
				8497108226593E1F00026225 /* Debug */,
				8497108326593E1F00026225 /* Release */,
			);
			defaultConfigurationIsVisible = 0;
			defaultConfigurationName = Release;
		};
/* End XCConfigurationList section */
	};
	rootObject = 8497104926593E1E00026225 /* Project object */;
}
